// !$*UTF8*$!
{
	archiveVersion = 1;
	classes = {
	};
	objectVersion = 46;
	objects = {

/* Begin PBXBuildFile section */
		1EEDFD4F1DD8430D00987EE7 /* CoolPlayCell.swift in Sources */ = {isa = PBXBuildFile; fileRef = 1EEDFD4D1DD8430D00987EE7 /* CoolPlayCell.swift */; };
		1EEDFD501DD8430D00987EE7 /* CoolPlayCell.xib in Resources */ = {isa = PBXBuildFile; fileRef = 1EEDFD4E1DD8430D00987EE7 /* CoolPlayCell.xib */; };
		1EEDFD521DD85E2A00987EE7 /* HeaderReusableView.swift in Sources */ = {isa = PBXBuildFile; fileRef = 1EEDFD511DD85E2A00987EE7 /* HeaderReusableView.swift */; };
		1EEDFD671DD8869300987EE7 /* tabbar_discover_selected.png in Resources */ = {isa = PBXBuildFile; fileRef = 1EEDFD571DD8869300987EE7 /* tabbar_discover_selected.png */; };
		1EEDFD681DD8869300987EE7 /* tabbar_discover_selected@3x.png in Resources */ = {isa = PBXBuildFile; fileRef = 1EEDFD581DD8869300987EE7 /* tabbar_discover_selected@3x.png */; };
		1EEDFD691DD8869300987EE7 /* tabbar_discover.png in Resources */ = {isa = PBXBuildFile; fileRef = 1EEDFD591DD8869300987EE7 /* tabbar_discover.png */; };
		1EEDFD6A1DD8869300987EE7 /* tabbar_discover@3x.png in Resources */ = {isa = PBXBuildFile; fileRef = 1EEDFD5A1DD8869300987EE7 /* tabbar_discover@3x.png */; };
		1EEDFD6B1DD8869300987EE7 /* tabbar_my_selected.png in Resources */ = {isa = PBXBuildFile; fileRef = 1EEDFD5B1DD8869300987EE7 /* tabbar_my_selected.png */; };
		1EEDFD6C1DD8869300987EE7 /* tabbar_my_selected@3x.png in Resources */ = {isa = PBXBuildFile; fileRef = 1EEDFD5C1DD8869300987EE7 /* tabbar_my_selected@3x.png */; };
		1EEDFD6D1DD8869300987EE7 /* tabbar_my.png in Resources */ = {isa = PBXBuildFile; fileRef = 1EEDFD5D1DD8869300987EE7 /* tabbar_my.png */; };
		1EEDFD6E1DD8869300987EE7 /* tabbar_my@3x.png in Resources */ = {isa = PBXBuildFile; fileRef = 1EEDFD5E1DD8869300987EE7 /* tabbar_my@3x.png */; };
		1EEDFD6F1DD8869300987EE7 /* tabbar_news_selected.png in Resources */ = {isa = PBXBuildFile; fileRef = 1EEDFD5F1DD8869300987EE7 /* tabbar_news_selected.png */; };
		1EEDFD701DD8869300987EE7 /* tabbar_news_selected@3x.png in Resources */ = {isa = PBXBuildFile; fileRef = 1EEDFD601DD8869300987EE7 /* tabbar_news_selected@3x.png */; };
		1EEDFD711DD8869300987EE7 /* tabbar_news.png in Resources */ = {isa = PBXBuildFile; fileRef = 1EEDFD611DD8869300987EE7 /* tabbar_news.png */; };
		1EEDFD721DD8869300987EE7 /* tabbar_news@3x.png in Resources */ = {isa = PBXBuildFile; fileRef = 1EEDFD621DD8869300987EE7 /* tabbar_news@3x.png */; };
		1EEDFD731DD8869300987EE7 /* tabbar_vision_selected.png in Resources */ = {isa = PBXBuildFile; fileRef = 1EEDFD631DD8869300987EE7 /* tabbar_vision_selected.png */; };
		1EEDFD741DD8869300987EE7 /* tabbar_vision_selected@3x.png in Resources */ = {isa = PBXBuildFile; fileRef = 1EEDFD641DD8869300987EE7 /* tabbar_vision_selected@3x.png */; };
		1EEDFD751DD8869300987EE7 /* tabbar_vision.png in Resources */ = {isa = PBXBuildFile; fileRef = 1EEDFD651DD8869300987EE7 /* tabbar_vision.png */; };
		1EEDFD761DD8869300987EE7 /* tabbar_vision@3x.png in Resources */ = {isa = PBXBuildFile; fileRef = 1EEDFD661DD8869300987EE7 /* tabbar_vision@3x.png */; };
		1EEDFD781DD8962A00987EE7 /* MineView.swift in Sources */ = {isa = PBXBuildFile; fileRef = 1EEDFD771DD8962A00987EE7 /* MineView.swift */; };
		1EEDFD7B1DD8985900987EE7 /* topCell.swift in Sources */ = {isa = PBXBuildFile; fileRef = 1EEDFD791DD8985900987EE7 /* topCell.swift */; };
		1EEDFD7C1DD8985900987EE7 /* topCell.xib in Resources */ = {isa = PBXBuildFile; fileRef = 1EEDFD7A1DD8985900987EE7 /* topCell.xib */; };
		1EEDFD9B1DD8AB9100987EE7 /* lr_avatar.png in Resources */ = {isa = PBXBuildFile; fileRef = 1EEDFD801DD8AB9100987EE7 /* lr_avatar.png */; };
		1EEDFD9C1DD8AB9100987EE7 /* lr_avatar@3x.png in Resources */ = {isa = PBXBuildFile; fileRef = 1EEDFD811DD8AB9100987EE7 /* lr_avatar@3x.png */; };
		1EEDFD9D1DD8AB9100987EE7 /* us_loginBg.png in Resources */ = {isa = PBXBuildFile; fileRef = 1EEDFD821DD8AB9100987EE7 /* us_loginBg.png */; };
		1EEDFD9E1DD8AB9100987EE7 /* userCeneter_subscribe.png in Resources */ = {isa = PBXBuildFile; fileRef = 1EEDFD831DD8AB9100987EE7 /* userCeneter_subscribe.png */; };
		1EEDFD9F1DD8AB9100987EE7 /* userCeneter_subscribe@3x.png in Resources */ = {isa = PBXBuildFile; fileRef = 1EEDFD841DD8AB9100987EE7 /* userCeneter_subscribe@3x.png */; };
		1EEDFDA01DD8AB9100987EE7 /* userCenter_activity.png in Resources */ = {isa = PBXBuildFile; fileRef = 1EEDFD851DD8AB9100987EE7 /* userCenter_activity.png */; };
		1EEDFDA11DD8AB9100987EE7 /* userCenter_activity@3x.png in Resources */ = {isa = PBXBuildFile; fileRef = 1EEDFD861DD8AB9100987EE7 /* userCenter_activity@3x.png */; };
		1EEDFDA21DD8AB9100987EE7 /* usercenter_btn_history.png in Resources */ = {isa = PBXBuildFile; fileRef = 1EEDFD871DD8AB9100987EE7 /* usercenter_btn_history.png */; };
		1EEDFDA31DD8AB9100987EE7 /* usercenter_btn_history@3x.png in Resources */ = {isa = PBXBuildFile; fileRef = 1EEDFD881DD8AB9100987EE7 /* usercenter_btn_history@3x.png */; };
		1EEDFDA41DD8AB9100987EE7 /* userCenter_FeedBack.png in Resources */ = {isa = PBXBuildFile; fileRef = 1EEDFD891DD8AB9100987EE7 /* userCenter_FeedBack.png */; };
		1EEDFDA51DD8AB9100987EE7 /* userCenter_FeedBack@3x.png in Resources */ = {isa = PBXBuildFile; fileRef = 1EEDFD8A1DD8AB9100987EE7 /* userCenter_FeedBack@3x.png */; };
		1EEDFDA61DD8AB9100987EE7 /* userCenter_financial.png in Resources */ = {isa = PBXBuildFile; fileRef = 1EEDFD8B1DD8AB9100987EE7 /* userCenter_financial.png */; };
		1EEDFDA71DD8AB9100987EE7 /* userCenter_financial@3x.png in Resources */ = {isa = PBXBuildFile; fileRef = 1EEDFD8C1DD8AB9100987EE7 /* userCenter_financial@3x.png */; };
		1EEDFDA81DD8AB9100987EE7 /* userCenter_mall.png in Resources */ = {isa = PBXBuildFile; fileRef = 1EEDFD8D1DD8AB9100987EE7 /* userCenter_mall.png */; };
		1EEDFDA91DD8AB9100987EE7 /* userCenter_mall@3x.png in Resources */ = {isa = PBXBuildFile; fileRef = 1EEDFD8E1DD8AB9100987EE7 /* userCenter_mall@3x.png */; };
		1EEDFDAA1DD8AB9100987EE7 /* userCenter_NightMode.png in Resources */ = {isa = PBXBuildFile; fileRef = 1EEDFD8F1DD8AB9100987EE7 /* userCenter_NightMode.png */; };
		1EEDFDAB1DD8AB9100987EE7 /* userCenter_NightMode@3x.png in Resources */ = {isa = PBXBuildFile; fileRef = 1EEDFD901DD8AB9100987EE7 /* userCenter_NightMode@3x.png */; };
		1EEDFDAC1DD8AB9100987EE7 /* userCenter_OffLine.png in Resources */ = {isa = PBXBuildFile; fileRef = 1EEDFD911DD8AB9100987EE7 /* userCenter_OffLine.png */; };
		1EEDFDAD1DD8AB9100987EE7 /* userCenter_OffLine@3x.png in Resources */ = {isa = PBXBuildFile; fileRef = 1EEDFD921DD8AB9100987EE7 /* userCenter_OffLine@3x.png */; };
		1EEDFDAE1DD8AB9100987EE7 /* userCenter_setting.png in Resources */ = {isa = PBXBuildFile; fileRef = 1EEDFD931DD8AB9100987EE7 /* userCenter_setting.png */; };
		1EEDFDAF1DD8AB9100987EE7 /* userCenter_setting@3x.png in Resources */ = {isa = PBXBuildFile; fileRef = 1EEDFD941DD8AB9100987EE7 /* userCenter_setting@3x.png */; };
		1EEDFDB01DD8AB9100987EE7 /* userCenterCollect.png in Resources */ = {isa = PBXBuildFile; fileRef = 1EEDFD951DD8AB9100987EE7 /* userCenterCollect.png */; };
		1EEDFDB11DD8AB9100987EE7 /* userCenterCollect@3x.png in Resources */ = {isa = PBXBuildFile; fileRef = 1EEDFD961DD8AB9100987EE7 /* userCenterCollect@3x.png */; };
		1EEDFDB21DD8AB9100987EE7 /* userCenterComment.png in Resources */ = {isa = PBXBuildFile; fileRef = 1EEDFD971DD8AB9100987EE7 /* userCenterComment.png */; };
		1EEDFDB31DD8AB9100987EE7 /* userCenterComment@3x.png in Resources */ = {isa = PBXBuildFile; fileRef = 1EEDFD981DD8AB9100987EE7 /* userCenterComment@3x.png */; };
		1EEDFDB41DD8AB9100987EE7 /* userCenterMessage.png in Resources */ = {isa = PBXBuildFile; fileRef = 1EEDFD991DD8AB9100987EE7 /* userCenterMessage.png */; };
		1EEDFDB51DD8AB9100987EE7 /* userCenterMessage@3x.png in Resources */ = {isa = PBXBuildFile; fileRef = 1EEDFD9A1DD8AB9100987EE7 /* userCenterMessage@3x.png */; };
		549EEFBCCDB5948BA6AED4CB /* Pods_InformationTechnology.framework in Frameworks */ = {isa = PBXBuildFile; fileRef = D9F8859C445243B31310323F /* Pods_InformationTechnology.framework */; };
		BC10116B1DC6CFFA000D0394 /* SKScNavViewController.swift in Sources */ = {isa = PBXBuildFile; fileRef = BC10116A1DC6CFFA000D0394 /* SKScNavViewController.swift */; };
		BC10116E1DC6D002000D0394 /* SKMacros.swift in Sources */ = {isa = PBXBuildFile; fileRef = BC10116C1DC6D002000D0394 /* SKMacros.swift */; };
		BC1011731DC6D009000D0394 /* SKScNavBar.swift in Sources */ = {isa = PBXBuildFile; fileRef = BC1011701DC6D009000D0394 /* SKScNavBar.swift */; };
		BC1011741DC6D009000D0394 /* SKLaunchMenu.swift in Sources */ = {isa = PBXBuildFile; fileRef = BC1011711DC6D009000D0394 /* SKLaunchMenu.swift */; };
		BC1011751DC6D009000D0394 /* SKLaunchMenuItem.swift in Sources */ = {isa = PBXBuildFile; fileRef = BC1011721DC6D009000D0394 /* SKLaunchMenuItem.swift */; };
		BC1011771DC6D052000D0394 /* HomepageViewController.swift in Sources */ = {isa = PBXBuildFile; fileRef = BC1011761DC6D052000D0394 /* HomepageViewController.swift */; };
		BC10119E1DC73427000D0394 /* replay@2x.png in Resources */ = {isa = PBXBuildFile; fileRef = BC10119A1DC73427000D0394 /* replay@2x.png */; };
		BC10119F1DC73427000D0394 /* replay@3x.png in Resources */ = {isa = PBXBuildFile; fileRef = BC10119B1DC73427000D0394 /* replay@3x.png */; };
		BC1011A01DC73427000D0394 /* replay1@2x.png in Resources */ = {isa = PBXBuildFile; fileRef = BC10119C1DC73427000D0394 /* replay1@2x.png */; };
		BC1011A11DC73427000D0394 /* replay1@3x.png in Resources */ = {isa = PBXBuildFile; fileRef = BC10119D1DC73427000D0394 /* replay1@3x.png */; };
		BC1011A61DC75D9B000D0394 /* message empty@2x.png in Resources */ = {isa = PBXBuildFile; fileRef = BC1011A21DC75D9B000D0394 /* message empty@2x.png */; };
		BC1011A71DC75D9B000D0394 /* message empty@3x.png in Resources */ = {isa = PBXBuildFile; fileRef = BC1011A31DC75D9B000D0394 /* message empty@3x.png */; };
		BC1011A81DC75D9B000D0394 /* timer@2x.png in Resources */ = {isa = PBXBuildFile; fileRef = BC1011A41DC75D9B000D0394 /* timer@2x.png */; };
		BC1011A91DC75D9B000D0394 /* timer@3x.png in Resources */ = {isa = PBXBuildFile; fileRef = BC1011A51DC75D9B000D0394 /* timer@3x.png */; };
		BC1011AB1DC76549000D0394 /* DetailView.swift in Sources */ = {isa = PBXBuildFile; fileRef = BC1011AA1DC76549000D0394 /* DetailView.swift */; };
		BC1011AD1DC7716C000D0394 /* navigationBarProtocol.swift in Sources */ = {isa = PBXBuildFile; fileRef = BC1011AC1DC7716C000D0394 /* navigationBarProtocol.swift */; };
		BC1011B41DC775CB000D0394 /* list 2@2x.png in Resources */ = {isa = PBXBuildFile; fileRef = BC1011B21DC775CB000D0394 /* list 2@2x.png */; };
		BC1011B51DC775CB000D0394 /* list 2@3x.png in Resources */ = {isa = PBXBuildFile; fileRef = BC1011B31DC775CB000D0394 /* list 2@3x.png */; };
		BC1011B81DC77687000D0394 /* user 2@2x.png in Resources */ = {isa = PBXBuildFile; fileRef = BC1011B61DC77687000D0394 /* user 2@2x.png */; };
		BC1011B91DC77687000D0394 /* user 2@3x.png in Resources */ = {isa = PBXBuildFile; fileRef = BC1011B71DC77687000D0394 /* user 2@3x.png */; };
		BC1011C21DC77E2A000D0394 /* back@2x.png in Resources */ = {isa = PBXBuildFile; fileRef = BC1011BE1DC77E2A000D0394 /* back@2x.png */; };
		BC1011C31DC77E2A000D0394 /* back@3x.png in Resources */ = {isa = PBXBuildFile; fileRef = BC1011BF1DC77E2A000D0394 /* back@3x.png */; };
		BC1011C71DC785F1000D0394 /* arrow@3x.png in Resources */ = {isa = PBXBuildFile; fileRef = BC1011C61DC785F1000D0394 /* arrow@3x.png */; };
		BC1DFA881DD0A7A400A0F602 /* KTCTabViewController.swift in Sources */ = {isa = PBXBuildFile; fileRef = BC1DFA871DD0A7A400A0F602 /* KTCTabViewController.swift */; };
		BC1DFA8A1DD0BAE800A0F602 /* CollectionModel.swift in Sources */ = {isa = PBXBuildFile; fileRef = BC1DFA891DD0BAE800A0F602 /* CollectionModel.swift */; };
		BC1DFA8C1DD0C80D00A0F602 /* CollectionDiscoverView.swift in Sources */ = {isa = PBXBuildFile; fileRef = BC1DFA8B1DD0C80D00A0F602 /* CollectionDiscoverView.swift */; };
		BC512A7A1DCCD6150018F0BA /* RecommendViewController.swift in Sources */ = {isa = PBXBuildFile; fileRef = BC512A651DCCD6150018F0BA /* RecommendViewController.swift */; };
		BC512A7B1DCCD6150018F0BA /* RecommendModel.swift in Sources */ = {isa = PBXBuildFile; fileRef = BC512A671DCCD6150018F0BA /* RecommendModel.swift */; };
		BC512A7C1DCCD6150018F0BA /* RecommendView.swift in Sources */ = {isa = PBXBuildFile; fileRef = BC512A691DCCD6150018F0BA /* RecommendView.swift */; };
		BC512A7D1DCCD6150018F0BA /* AdDetailViewController.swift in Sources */ = {isa = PBXBuildFile; fileRef = BC512A6C1DCCD6150018F0BA /* AdDetailViewController.swift */; };
		BC512A7E1DCCD6150018F0BA /* CellDetailViewController.swift in Sources */ = {isa = PBXBuildFile; fileRef = BC512A6D1DCCD6150018F0BA /* CellDetailViewController.swift */; };
		BC512A7F1DCCD6150018F0BA /* AdDetailModel.swift in Sources */ = {isa = PBXBuildFile; fileRef = BC512A6F1DCCD6150018F0BA /* AdDetailModel.swift */; };
		BC512A801DCCD6150018F0BA /* CellDetailModel.swift in Sources */ = {isa = PBXBuildFile; fileRef = BC512A701DCCD6150018F0BA /* CellDetailModel.swift */; };
		BC512A811DCCD6150018F0BA /* AdDetailCell.swift in Sources */ = {isa = PBXBuildFile; fileRef = BC512A721DCCD6150018F0BA /* AdDetailCell.swift */; };
		BC512A821DCCD6150018F0BA /* AdDetailCell.xib in Resources */ = {isa = PBXBuildFile; fileRef = BC512A731DCCD6150018F0BA /* AdDetailCell.xib */; };
		BC512A831DCCD6150018F0BA /* AdDetailView.swift in Sources */ = {isa = PBXBuildFile; fileRef = BC512A741DCCD6150018F0BA /* AdDetailView.swift */; };
		BC512A851DCCD6150018F0BA /* RecommendHeaderCell.swift in Sources */ = {isa = PBXBuildFile; fileRef = BC512A761DCCD6150018F0BA /* RecommendHeaderCell.swift */; };
		BC512A861DCCD6150018F0BA /* RecommendHeaderCell.xib in Resources */ = {isa = PBXBuildFile; fileRef = BC512A771DCCD6150018F0BA /* RecommendHeaderCell.xib */; };
		BC512A871DCCD6150018F0BA /* RecommendScienceCell.swift in Sources */ = {isa = PBXBuildFile; fileRef = BC512A781DCCD6150018F0BA /* RecommendScienceCell.swift */; };
		BC512A881DCCD6150018F0BA /* RecommendScienceCell.xib in Resources */ = {isa = PBXBuildFile; fileRef = BC512A791DCCD6150018F0BA /* RecommendScienceCell.xib */; };
		BC6A5FCB1DD35A7200D3FA6C /* Images.xcassets in Resources */ = {isa = PBXBuildFile; fileRef = BC6A5FCA1DD35A7200D3FA6C /* Images.xcassets */; };
		BC6C13851DC8590400C744BD /* KTCSegCtrl.swift in Sources */ = {isa = PBXBuildFile; fileRef = BC6C13841DC8590400C744BD /* KTCSegCtrl.swift */; };
		BC6C13871DC85B0C00C744BD /* UIView+Common.swift in Sources */ = {isa = PBXBuildFile; fileRef = BC6C13861DC85B0C00C744BD /* UIView+Common.swift */; };
		BC6C7F601DD0CF0A00CBA5EF /* CollectionCell.swift in Sources */ = {isa = PBXBuildFile; fileRef = BC6C7F5E1DD0CF0A00CBA5EF /* CollectionCell.swift */; };
		BC6C7F611DD0CF0A00CBA5EF /* CollectionCell.xib in Resources */ = {isa = PBXBuildFile; fileRef = BC6C7F5F1DD0CF0A00CBA5EF /* CollectionCell.xib */; };
		BC7A32151DD1C02400E211B7 /* play-A@2x.png in Resources */ = {isa = PBXBuildFile; fileRef = BC7A32131DD1C02400E211B7 /* play-A@2x.png */; };
		BC7A32161DD1C02400E211B7 /* play-A@3x.png in Resources */ = {isa = PBXBuildFile; fileRef = BC7A32141DD1C02400E211B7 /* play-A@3x.png */; };
		BC94BAAA1DC1F4CC0096EEAD /* sdefaultImage.png in Resources */ = {isa = PBXBuildFile; fileRef = BC94BAA91DC1F4CC0096EEAD /* sdefaultImage.png */; };
		BC94BAAD1DC1FBD10096EEAD /* NewestCell.swift in Sources */ = {isa = PBXBuildFile; fileRef = BC94BAAB1DC1FBD10096EEAD /* NewestCell.swift */; };
		BC94BAAE1DC1FBD10096EEAD /* NewestCell.xib in Resources */ = {isa = PBXBuildFile; fileRef = BC94BAAC1DC1FBD10096EEAD /* NewestCell.xib */; };
		BC94BAB01DC233980096EEAD /* addReFreshProtocol.swift in Sources */ = {isa = PBXBuildFile; fileRef = BC94BAAF1DC233980096EEAD /* addReFreshProtocol.swift */; };
		BCB26E601DCC2F2C0067380F /* bookmarks@2x.png in Resources */ = {isa = PBXBuildFile; fileRef = BCB26E5E1DCC2F2C0067380F /* bookmarks@2x.png */; };
		BCB26E611DCC2F2C0067380F /* bookmarks@3x.png in Resources */ = {isa = PBXBuildFile; fileRef = BCB26E5F1DCC2F2C0067380F /* bookmarks@3x.png */; };
		BCC45F4B1DC0B12B009BC6EC /* HomePageTableView.swift in Sources */ = {isa = PBXBuildFile; fileRef = BCC45F4A1DC0B12B009BC6EC /* HomePageTableView.swift */; };
		BCC45F511DC0CC0C009BC6EC /* NewestModel.swift in Sources */ = {isa = PBXBuildFile; fileRef = BCC45F501DC0CC0C009BC6EC /* NewestModel.swift */; };
		BCC45F531DC0D021009BC6EC /* NewestHeaderModel.swift in Sources */ = {isa = PBXBuildFile; fileRef = BCC45F521DC0D021009BC6EC /* NewestHeaderModel.swift */; };
		BCC45F611DC0F27E009BC6EC /* HeaderScrollViewCell.swift in Sources */ = {isa = PBXBuildFile; fileRef = BCC45F601DC0F27E009BC6EC /* HeaderScrollViewCell.swift */; };
		BCC45F631DC0F296009BC6EC /* HeaderScrollView.swift in Sources */ = {isa = PBXBuildFile; fileRef = BCC45F621DC0F296009BC6EC /* HeaderScrollView.swift */; };
		BCD1F7841DD497D4003E6288 /* KTCDownloader.swift in Sources */ = {isa = PBXBuildFile; fileRef = BCD1F7831DD497D4003E6288 /* KTCDownloader.swift */; };
		BCD1F7871DD49F43003E6288 /* KTCService.swift in Sources */ = {isa = PBXBuildFile; fileRef = BCD1F7861DD49F43003E6288 /* KTCService.swift */; };
		BCD1F78F1DD4A063003E6288 /* RecommendAdService.swift in Sources */ = {isa = PBXBuildFile; fileRef = BCD1F78E1DD4A063003E6288 /* RecommendAdService.swift */; };
		BCD1F7911DD4A107003E6288 /* RecommendCellDetailService.swift in Sources */ = {isa = PBXBuildFile; fileRef = BCD1F7901DD4A107003E6288 /* RecommendCellDetailService.swift */; };
		BCD1F7931DD4A88A003E6288 /* playVideoService.swift in Sources */ = {isa = PBXBuildFile; fileRef = BCD1F7921DD4A88A003E6288 /* playVideoService.swift */; };
		BCD1F8E31DD5CA11003E6288 /* CoolPlayModel.swift in Sources */ = {isa = PBXBuildFile; fileRef = BCD1F8E21DD5CA11003E6288 /* CoolPlayModel.swift */; };
		BCD1F8E71DD5F1D4003E6288 /* CollectCoolPlayView.swift in Sources */ = {isa = PBXBuildFile; fileRef = BCD1F8E61DD5F1D4003E6288 /* CollectCoolPlayView.swift */; };
		BCD1F8EA1DD5F98B003E6288 /* CoolPlaySlideCell.swift in Sources */ = {isa = PBXBuildFile; fileRef = BCD1F8E81DD5F98B003E6288 /* CoolPlaySlideCell.swift */; };
		BCD1F8EB1DD5F98B003E6288 /* CoolPlaySlideCell.xib in Resources */ = {isa = PBXBuildFile; fileRef = BCD1F8E91DD5F98B003E6288 /* CoolPlaySlideCell.xib */; };
		BCD94D301DCB50D1002CDF5A /* clock@2x.png in Resources */ = {isa = PBXBuildFile; fileRef = BCD94D2C1DCB50D1002CDF5A /* clock@2x.png */; };
		BCD94D311DCB50D1002CDF5A /* clock@3x.png in Resources */ = {isa = PBXBuildFile; fileRef = BCD94D2D1DCB50D1002CDF5A /* clock@3x.png */; };
		BCD94D321DCB50D1002CDF5A /* like@2x.png in Resources */ = {isa = PBXBuildFile; fileRef = BCD94D2E1DCB50D1002CDF5A /* like@2x.png */; };
		BCD94D331DCB50D1002CDF5A /* like@3x.png in Resources */ = {isa = PBXBuildFile; fileRef = BCD94D2F1DCB50D1002CDF5A /* like@3x.png */; };
		BCE43A6D1DD94C5400AA0355 /* downCell.swift in Sources */ = {isa = PBXBuildFile; fileRef = BCE43A6B1DD94C5400AA0355 /* downCell.swift */; };
		BCE43A6E1DD94C5400AA0355 /* downCell.xib in Resources */ = {isa = PBXBuildFile; fileRef = BCE43A6C1DD94C5400AA0355 /* downCell.xib */; };
		BCE43A711DD94FD600AA0355 /* userCenter_cell_rightArrow.png in Resources */ = {isa = PBXBuildFile; fileRef = BCE43A6F1DD94FD600AA0355 /* userCenter_cell_rightArrow.png */; };
		BCE43A721DD94FD600AA0355 /* userCenter_cell_rightArrow@3x.png in Resources */ = {isa = PBXBuildFile; fileRef = BCE43A701DD94FD600AA0355 /* userCenter_cell_rightArrow@3x.png */; };
		BCE43A751DD9557C00AA0355 /* hasSwitchCell.swift in Sources */ = {isa = PBXBuildFile; fileRef = BCE43A731DD9557C00AA0355 /* hasSwitchCell.swift */; };
		BCE43A761DD9557C00AA0355 /* hasSwitchCell.xib in Resources */ = {isa = PBXBuildFile; fileRef = BCE43A741DD9557C00AA0355 /* hasSwitchCell.xib */; };
		BCF2547E1DBE31F200ABD6A7 /* AppDelegate.swift in Sources */ = {isa = PBXBuildFile; fileRef = BCF2547D1DBE31F200ABD6A7 /* AppDelegate.swift */; };
		BCF254801DBE31F200ABD6A7 /* ViewController.swift in Sources */ = {isa = PBXBuildFile; fileRef = BCF2547F1DBE31F200ABD6A7 /* ViewController.swift */; };
		BCF254831DBE31F200ABD6A7 /* Main.storyboard in Resources */ = {isa = PBXBuildFile; fileRef = BCF254811DBE31F200ABD6A7 /* Main.storyboard */; };
		BCF254851DBE31F200ABD6A7 /* Assets.xcassets in Resources */ = {isa = PBXBuildFile; fileRef = BCF254841DBE31F200ABD6A7 /* Assets.xcassets */; };
		BCF254881DBE31F200ABD6A7 /* LaunchScreen.storyboard in Resources */ = {isa = PBXBuildFile; fileRef = BCF254861DBE31F200ABD6A7 /* LaunchScreen.storyboard */; };
		BCF254931DBE31F200ABD6A7 /* InformationTechnologyTests.swift in Sources */ = {isa = PBXBuildFile; fileRef = BCF254921DBE31F200ABD6A7 /* InformationTechnologyTests.swift */; };
		BCF2549E1DBE31F200ABD6A7 /* InformationTechnologyUITests.swift in Sources */ = {isa = PBXBuildFile; fileRef = BCF2549D1DBE31F200ABD6A7 /* InformationTechnologyUITests.swift */; };
		BCF254CC1DBE49A700ABD6A7 /* Const.swift in Sources */ = {isa = PBXBuildFile; fileRef = BCF254CB1DBE49A700ABD6A7 /* Const.swift */; };
		BCF254D41DBE4F3000ABD6A7 /* CollectionViewController.swift in Sources */ = {isa = PBXBuildFile; fileRef = BCF254D31DBE4F3000ABD6A7 /* CollectionViewController.swift */; };
		BCF254D81DBE4F6300ABD6A7 /* MineViewController.swift in Sources */ = {isa = PBXBuildFile; fileRef = BCF254D71DBE4F6300ABD6A7 /* MineViewController.swift */; };
		BCF254DA1DBE50CB00ABD6A7 /* CreateTabBarController.swift in Sources */ = {isa = PBXBuildFile; fileRef = BCF254D91DBE50CB00ABD6A7 /* CreateTabBarController.swift */; };
		BCF254E51DBE57DE00ABD6A7 /* dog house@2x.png in Resources */ = {isa = PBXBuildFile; fileRef = BCF254DD1DBE57DE00ABD6A7 /* dog house@2x.png */; };
		BCF254E61DBE57DE00ABD6A7 /* dog house@3x.png in Resources */ = {isa = PBXBuildFile; fileRef = BCF254DE1DBE57DE00ABD6A7 /* dog house@3x.png */; };
		BCF254E71DBE57DE00ABD6A7 /* Neutron@2x.png in Resources */ = {isa = PBXBuildFile; fileRef = BCF254DF1DBE57DE00ABD6A7 /* Neutron@2x.png */; };
		BCF254E81DBE57DE00ABD6A7 /* Neutron@3x.png in Resources */ = {isa = PBXBuildFile; fileRef = BCF254E01DBE57DE00ABD6A7 /* Neutron@3x.png */; };
/* End PBXBuildFile section */

/* Begin PBXContainerItemProxy section */
		BCF2548F1DBE31F200ABD6A7 /* PBXContainerItemProxy */ = {
			isa = PBXContainerItemProxy;
			containerPortal = BCF254721DBE31F200ABD6A7 /* Project object */;
			proxyType = 1;
			remoteGlobalIDString = BCF254791DBE31F200ABD6A7;
			remoteInfo = InformationTechnology;
		};
		BCF2549A1DBE31F200ABD6A7 /* PBXContainerItemProxy */ = {
			isa = PBXContainerItemProxy;
			containerPortal = BCF254721DBE31F200ABD6A7 /* Project object */;
			proxyType = 1;
			remoteGlobalIDString = BCF254791DBE31F200ABD6A7;
			remoteInfo = InformationTechnology;
		};
/* End PBXContainerItemProxy section */

/* Begin PBXFileReference section */
		1EEDFD4D1DD8430D00987EE7 /* CoolPlayCell.swift */ = {isa = PBXFileReference; fileEncoding = 4; lastKnownFileType = sourcecode.swift; path = CoolPlayCell.swift; sourceTree = "<group>"; };
		1EEDFD4E1DD8430D00987EE7 /* CoolPlayCell.xib */ = {isa = PBXFileReference; fileEncoding = 4; lastKnownFileType = file.xib; path = CoolPlayCell.xib; sourceTree = "<group>"; };
		1EEDFD511DD85E2A00987EE7 /* HeaderReusableView.swift */ = {isa = PBXFileReference; fileEncoding = 4; lastKnownFileType = sourcecode.swift; path = HeaderReusableView.swift; sourceTree = "<group>"; };
		1EEDFD571DD8869300987EE7 /* tabbar_discover_selected.png */ = {isa = PBXFileReference; lastKnownFileType = image.png; path = tabbar_discover_selected.png; sourceTree = "<group>"; };
		1EEDFD581DD8869300987EE7 /* tabbar_discover_selected@3x.png */ = {isa = PBXFileReference; lastKnownFileType = image.png; path = "tabbar_discover_selected@3x.png"; sourceTree = "<group>"; };
		1EEDFD591DD8869300987EE7 /* tabbar_discover.png */ = {isa = PBXFileReference; lastKnownFileType = image.png; path = tabbar_discover.png; sourceTree = "<group>"; };
		1EEDFD5A1DD8869300987EE7 /* tabbar_discover@3x.png */ = {isa = PBXFileReference; lastKnownFileType = image.png; path = "tabbar_discover@3x.png"; sourceTree = "<group>"; };
		1EEDFD5B1DD8869300987EE7 /* tabbar_my_selected.png */ = {isa = PBXFileReference; lastKnownFileType = image.png; path = tabbar_my_selected.png; sourceTree = "<group>"; };
		1EEDFD5C1DD8869300987EE7 /* tabbar_my_selected@3x.png */ = {isa = PBXFileReference; lastKnownFileType = image.png; path = "tabbar_my_selected@3x.png"; sourceTree = "<group>"; };
		1EEDFD5D1DD8869300987EE7 /* tabbar_my.png */ = {isa = PBXFileReference; lastKnownFileType = image.png; path = tabbar_my.png; sourceTree = "<group>"; };
		1EEDFD5E1DD8869300987EE7 /* tabbar_my@3x.png */ = {isa = PBXFileReference; lastKnownFileType = image.png; path = "tabbar_my@3x.png"; sourceTree = "<group>"; };
		1EEDFD5F1DD8869300987EE7 /* tabbar_news_selected.png */ = {isa = PBXFileReference; lastKnownFileType = image.png; path = tabbar_news_selected.png; sourceTree = "<group>"; };
		1EEDFD601DD8869300987EE7 /* tabbar_news_selected@3x.png */ = {isa = PBXFileReference; lastKnownFileType = image.png; path = "tabbar_news_selected@3x.png"; sourceTree = "<group>"; };
		1EEDFD611DD8869300987EE7 /* tabbar_news.png */ = {isa = PBXFileReference; lastKnownFileType = image.png; path = tabbar_news.png; sourceTree = "<group>"; };
		1EEDFD621DD8869300987EE7 /* tabbar_news@3x.png */ = {isa = PBXFileReference; lastKnownFileType = image.png; path = "tabbar_news@3x.png"; sourceTree = "<group>"; };
		1EEDFD631DD8869300987EE7 /* tabbar_vision_selected.png */ = {isa = PBXFileReference; lastKnownFileType = image.png; path = tabbar_vision_selected.png; sourceTree = "<group>"; };
		1EEDFD641DD8869300987EE7 /* tabbar_vision_selected@3x.png */ = {isa = PBXFileReference; lastKnownFileType = image.png; path = "tabbar_vision_selected@3x.png"; sourceTree = "<group>"; };
		1EEDFD651DD8869300987EE7 /* tabbar_vision.png */ = {isa = PBXFileReference; lastKnownFileType = image.png; path = tabbar_vision.png; sourceTree = "<group>"; };
		1EEDFD661DD8869300987EE7 /* tabbar_vision@3x.png */ = {isa = PBXFileReference; lastKnownFileType = image.png; path = "tabbar_vision@3x.png"; sourceTree = "<group>"; };
		1EEDFD771DD8962A00987EE7 /* MineView.swift */ = {isa = PBXFileReference; fileEncoding = 4; lastKnownFileType = sourcecode.swift; name = MineView.swift; path = "InformationTechnology/Classes/Resources资源/标签栏/MineView.swift"; sourceTree = SOURCE_ROOT; };
		1EEDFD791DD8985900987EE7 /* topCell.swift */ = {isa = PBXFileReference; fileEncoding = 4; lastKnownFileType = sourcecode.swift; name = topCell.swift; path = "InformationTechnology/Classes/Resources资源/标签栏/topCell.swift"; sourceTree = SOURCE_ROOT; };
		1EEDFD7A1DD8985900987EE7 /* topCell.xib */ = {isa = PBXFileReference; fileEncoding = 4; lastKnownFileType = file.xib; name = topCell.xib; path = "InformationTechnology/Classes/Resources资源/标签栏/topCell.xib"; sourceTree = SOURCE_ROOT; };
		1EEDFD801DD8AB9100987EE7 /* lr_avatar.png */ = {isa = PBXFileReference; lastKnownFileType = image.png; path = lr_avatar.png; sourceTree = "<group>"; };
		1EEDFD811DD8AB9100987EE7 /* lr_avatar@3x.png */ = {isa = PBXFileReference; lastKnownFileType = image.png; path = "lr_avatar@3x.png"; sourceTree = "<group>"; };
		1EEDFD821DD8AB9100987EE7 /* us_loginBg.png */ = {isa = PBXFileReference; lastKnownFileType = image.png; path = us_loginBg.png; sourceTree = "<group>"; };
		1EEDFD831DD8AB9100987EE7 /* userCeneter_subscribe.png */ = {isa = PBXFileReference; lastKnownFileType = image.png; path = userCeneter_subscribe.png; sourceTree = "<group>"; };
		1EEDFD841DD8AB9100987EE7 /* userCeneter_subscribe@3x.png */ = {isa = PBXFileReference; lastKnownFileType = image.png; path = "userCeneter_subscribe@3x.png"; sourceTree = "<group>"; };
		1EEDFD851DD8AB9100987EE7 /* userCenter_activity.png */ = {isa = PBXFileReference; lastKnownFileType = image.png; path = userCenter_activity.png; sourceTree = "<group>"; };
		1EEDFD861DD8AB9100987EE7 /* userCenter_activity@3x.png */ = {isa = PBXFileReference; lastKnownFileType = image.png; path = "userCenter_activity@3x.png"; sourceTree = "<group>"; };
		1EEDFD871DD8AB9100987EE7 /* usercenter_btn_history.png */ = {isa = PBXFileReference; lastKnownFileType = image.png; path = usercenter_btn_history.png; sourceTree = "<group>"; };
		1EEDFD881DD8AB9100987EE7 /* usercenter_btn_history@3x.png */ = {isa = PBXFileReference; lastKnownFileType = image.png; path = "usercenter_btn_history@3x.png"; sourceTree = "<group>"; };
		1EEDFD891DD8AB9100987EE7 /* userCenter_FeedBack.png */ = {isa = PBXFileReference; lastKnownFileType = image.png; path = userCenter_FeedBack.png; sourceTree = "<group>"; };
		1EEDFD8A1DD8AB9100987EE7 /* userCenter_FeedBack@3x.png */ = {isa = PBXFileReference; lastKnownFileType = image.png; path = "userCenter_FeedBack@3x.png"; sourceTree = "<group>"; };
		1EEDFD8B1DD8AB9100987EE7 /* userCenter_financial.png */ = {isa = PBXFileReference; lastKnownFileType = image.png; path = userCenter_financial.png; sourceTree = "<group>"; };
		1EEDFD8C1DD8AB9100987EE7 /* userCenter_financial@3x.png */ = {isa = PBXFileReference; lastKnownFileType = image.png; path = "userCenter_financial@3x.png"; sourceTree = "<group>"; };
		1EEDFD8D1DD8AB9100987EE7 /* userCenter_mall.png */ = {isa = PBXFileReference; lastKnownFileType = image.png; path = userCenter_mall.png; sourceTree = "<group>"; };
		1EEDFD8E1DD8AB9100987EE7 /* userCenter_mall@3x.png */ = {isa = PBXFileReference; lastKnownFileType = image.png; path = "userCenter_mall@3x.png"; sourceTree = "<group>"; };
		1EEDFD8F1DD8AB9100987EE7 /* userCenter_NightMode.png */ = {isa = PBXFileReference; lastKnownFileType = image.png; path = userCenter_NightMode.png; sourceTree = "<group>"; };
		1EEDFD901DD8AB9100987EE7 /* userCenter_NightMode@3x.png */ = {isa = PBXFileReference; lastKnownFileType = image.png; path = "userCenter_NightMode@3x.png"; sourceTree = "<group>"; };
		1EEDFD911DD8AB9100987EE7 /* userCenter_OffLine.png */ = {isa = PBXFileReference; lastKnownFileType = image.png; path = userCenter_OffLine.png; sourceTree = "<group>"; };
		1EEDFD921DD8AB9100987EE7 /* userCenter_OffLine@3x.png */ = {isa = PBXFileReference; lastKnownFileType = image.png; path = "userCenter_OffLine@3x.png"; sourceTree = "<group>"; };
		1EEDFD931DD8AB9100987EE7 /* userCenter_setting.png */ = {isa = PBXFileReference; lastKnownFileType = image.png; path = userCenter_setting.png; sourceTree = "<group>"; };
		1EEDFD941DD8AB9100987EE7 /* userCenter_setting@3x.png */ = {isa = PBXFileReference; lastKnownFileType = image.png; path = "userCenter_setting@3x.png"; sourceTree = "<group>"; };
		1EEDFD951DD8AB9100987EE7 /* userCenterCollect.png */ = {isa = PBXFileReference; lastKnownFileType = image.png; path = userCenterCollect.png; sourceTree = "<group>"; };
		1EEDFD961DD8AB9100987EE7 /* userCenterCollect@3x.png */ = {isa = PBXFileReference; lastKnownFileType = image.png; path = "userCenterCollect@3x.png"; sourceTree = "<group>"; };
		1EEDFD971DD8AB9100987EE7 /* userCenterComment.png */ = {isa = PBXFileReference; lastKnownFileType = image.png; path = userCenterComment.png; sourceTree = "<group>"; };
		1EEDFD981DD8AB9100987EE7 /* userCenterComment@3x.png */ = {isa = PBXFileReference; lastKnownFileType = image.png; path = "userCenterComment@3x.png"; sourceTree = "<group>"; };
		1EEDFD991DD8AB9100987EE7 /* userCenterMessage.png */ = {isa = PBXFileReference; lastKnownFileType = image.png; path = userCenterMessage.png; sourceTree = "<group>"; };
		1EEDFD9A1DD8AB9100987EE7 /* userCenterMessage@3x.png */ = {isa = PBXFileReference; lastKnownFileType = image.png; path = "userCenterMessage@3x.png"; sourceTree = "<group>"; };
		3B2652D980B4E197F5BC11FC /* Pods-InformationTechnology.debug.xcconfig */ = {isa = PBXFileReference; includeInIndex = 1; lastKnownFileType = text.xcconfig; name = "Pods-InformationTechnology.debug.xcconfig"; path = "Pods/Target Support Files/Pods-InformationTechnology/Pods-InformationTechnology.debug.xcconfig"; sourceTree = "<group>"; };
		63DEF65D8D04F76275F2E6F6 /* Pods-InformationTechnology.release.xcconfig */ = {isa = PBXFileReference; includeInIndex = 1; lastKnownFileType = text.xcconfig; name = "Pods-InformationTechnology.release.xcconfig"; path = "Pods/Target Support Files/Pods-InformationTechnology/Pods-InformationTechnology.release.xcconfig"; sourceTree = "<group>"; };
		BC10116A1DC6CFFA000D0394 /* SKScNavViewController.swift */ = {isa = PBXFileReference; fileEncoding = 4; lastKnownFileType = sourcecode.swift; path = SKScNavViewController.swift; sourceTree = "<group>"; };
		BC10116C1DC6D002000D0394 /* SKMacros.swift */ = {isa = PBXFileReference; fileEncoding = 4; lastKnownFileType = sourcecode.swift; path = SKMacros.swift; sourceTree = "<group>"; };
		BC1011701DC6D009000D0394 /* SKScNavBar.swift */ = {isa = PBXFileReference; fileEncoding = 4; lastKnownFileType = sourcecode.swift; path = SKScNavBar.swift; sourceTree = "<group>"; };
		BC1011711DC6D009000D0394 /* SKLaunchMenu.swift */ = {isa = PBXFileReference; fileEncoding = 4; lastKnownFileType = sourcecode.swift; path = SKLaunchMenu.swift; sourceTree = "<group>"; };
		BC1011721DC6D009000D0394 /* SKLaunchMenuItem.swift */ = {isa = PBXFileReference; fileEncoding = 4; lastKnownFileType = sourcecode.swift; path = SKLaunchMenuItem.swift; sourceTree = "<group>"; };
		BC1011761DC6D052000D0394 /* HomepageViewController.swift */ = {isa = PBXFileReference; fileEncoding = 4; lastKnownFileType = sourcecode.swift; path = HomepageViewController.swift; sourceTree = "<group>"; };
		BC10119A1DC73427000D0394 /* replay@2x.png */ = {isa = PBXFileReference; lastKnownFileType = image.png; path = "replay@2x.png"; sourceTree = "<group>"; };
		BC10119B1DC73427000D0394 /* replay@3x.png */ = {isa = PBXFileReference; lastKnownFileType = image.png; path = "replay@3x.png"; sourceTree = "<group>"; };
		BC10119C1DC73427000D0394 /* replay1@2x.png */ = {isa = PBXFileReference; lastKnownFileType = image.png; path = "replay1@2x.png"; sourceTree = "<group>"; };
		BC10119D1DC73427000D0394 /* replay1@3x.png */ = {isa = PBXFileReference; lastKnownFileType = image.png; path = "replay1@3x.png"; sourceTree = "<group>"; };
		BC1011A21DC75D9B000D0394 /* message empty@2x.png */ = {isa = PBXFileReference; lastKnownFileType = image.png; path = "message empty@2x.png"; sourceTree = "<group>"; };
		BC1011A31DC75D9B000D0394 /* message empty@3x.png */ = {isa = PBXFileReference; lastKnownFileType = image.png; path = "message empty@3x.png"; sourceTree = "<group>"; };
		BC1011A41DC75D9B000D0394 /* timer@2x.png */ = {isa = PBXFileReference; lastKnownFileType = image.png; path = "timer@2x.png"; sourceTree = "<group>"; };
		BC1011A51DC75D9B000D0394 /* timer@3x.png */ = {isa = PBXFileReference; lastKnownFileType = image.png; path = "timer@3x.png"; sourceTree = "<group>"; };
		BC1011AA1DC76549000D0394 /* DetailView.swift */ = {isa = PBXFileReference; fileEncoding = 4; lastKnownFileType = sourcecode.swift; path = DetailView.swift; sourceTree = "<group>"; };
		BC1011AC1DC7716C000D0394 /* navigationBarProtocol.swift */ = {isa = PBXFileReference; fileEncoding = 4; lastKnownFileType = sourcecode.swift; path = navigationBarProtocol.swift; sourceTree = "<group>"; };
		BC1011B21DC775CB000D0394 /* list 2@2x.png */ = {isa = PBXFileReference; lastKnownFileType = image.png; path = "list 2@2x.png"; sourceTree = "<group>"; };
		BC1011B31DC775CB000D0394 /* list 2@3x.png */ = {isa = PBXFileReference; lastKnownFileType = image.png; path = "list 2@3x.png"; sourceTree = "<group>"; };
		BC1011B61DC77687000D0394 /* user 2@2x.png */ = {isa = PBXFileReference; lastKnownFileType = image.png; path = "user 2@2x.png"; sourceTree = "<group>"; };
		BC1011B71DC77687000D0394 /* user 2@3x.png */ = {isa = PBXFileReference; lastKnownFileType = image.png; path = "user 2@3x.png"; sourceTree = "<group>"; };
		BC1011BE1DC77E2A000D0394 /* back@2x.png */ = {isa = PBXFileReference; lastKnownFileType = image.png; path = "back@2x.png"; sourceTree = "<group>"; };
		BC1011BF1DC77E2A000D0394 /* back@3x.png */ = {isa = PBXFileReference; lastKnownFileType = image.png; path = "back@3x.png"; sourceTree = "<group>"; };
		BC1011C61DC785F1000D0394 /* arrow@3x.png */ = {isa = PBXFileReference; lastKnownFileType = image.png; path = "arrow@3x.png"; sourceTree = "<group>"; };
		BC1DFA871DD0A7A400A0F602 /* KTCTabViewController.swift */ = {isa = PBXFileReference; fileEncoding = 4; lastKnownFileType = sourcecode.swift; path = KTCTabViewController.swift; sourceTree = "<group>"; };
		BC1DFA891DD0BAE800A0F602 /* CollectionModel.swift */ = {isa = PBXFileReference; fileEncoding = 4; lastKnownFileType = sourcecode.swift; path = CollectionModel.swift; sourceTree = "<group>"; };
		BC1DFA8B1DD0C80D00A0F602 /* CollectionDiscoverView.swift */ = {isa = PBXFileReference; fileEncoding = 4; lastKnownFileType = sourcecode.swift; path = CollectionDiscoverView.swift; sourceTree = "<group>"; };
		BC512A651DCCD6150018F0BA /* RecommendViewController.swift */ = {isa = PBXFileReference; fileEncoding = 4; lastKnownFileType = sourcecode.swift; path = RecommendViewController.swift; sourceTree = "<group>"; };
		BC512A671DCCD6150018F0BA /* RecommendModel.swift */ = {isa = PBXFileReference; fileEncoding = 4; lastKnownFileType = sourcecode.swift; path = RecommendModel.swift; sourceTree = "<group>"; };
		BC512A691DCCD6150018F0BA /* RecommendView.swift */ = {isa = PBXFileReference; fileEncoding = 4; lastKnownFileType = sourcecode.swift; path = RecommendView.swift; sourceTree = "<group>"; };
		BC512A6C1DCCD6150018F0BA /* AdDetailViewController.swift */ = {isa = PBXFileReference; fileEncoding = 4; lastKnownFileType = sourcecode.swift; path = AdDetailViewController.swift; sourceTree = "<group>"; };
		BC512A6D1DCCD6150018F0BA /* CellDetailViewController.swift */ = {isa = PBXFileReference; fileEncoding = 4; lastKnownFileType = sourcecode.swift; path = CellDetailViewController.swift; sourceTree = "<group>"; };
		BC512A6F1DCCD6150018F0BA /* AdDetailModel.swift */ = {isa = PBXFileReference; fileEncoding = 4; lastKnownFileType = sourcecode.swift; path = AdDetailModel.swift; sourceTree = "<group>"; };
		BC512A701DCCD6150018F0BA /* CellDetailModel.swift */ = {isa = PBXFileReference; fileEncoding = 4; lastKnownFileType = sourcecode.swift; path = CellDetailModel.swift; sourceTree = "<group>"; };
		BC512A721DCCD6150018F0BA /* AdDetailCell.swift */ = {isa = PBXFileReference; fileEncoding = 4; lastKnownFileType = sourcecode.swift; path = AdDetailCell.swift; sourceTree = "<group>"; };
		BC512A731DCCD6150018F0BA /* AdDetailCell.xib */ = {isa = PBXFileReference; fileEncoding = 4; lastKnownFileType = file.xib; path = AdDetailCell.xib; sourceTree = "<group>"; };
		BC512A741DCCD6150018F0BA /* AdDetailView.swift */ = {isa = PBXFileReference; fileEncoding = 4; lastKnownFileType = sourcecode.swift; path = AdDetailView.swift; sourceTree = "<group>"; };
		BC512A761DCCD6150018F0BA /* RecommendHeaderCell.swift */ = {isa = PBXFileReference; fileEncoding = 4; lastKnownFileType = sourcecode.swift; path = RecommendHeaderCell.swift; sourceTree = "<group>"; };
		BC512A771DCCD6150018F0BA /* RecommendHeaderCell.xib */ = {isa = PBXFileReference; fileEncoding = 4; lastKnownFileType = file.xib; path = RecommendHeaderCell.xib; sourceTree = "<group>"; };
		BC512A781DCCD6150018F0BA /* RecommendScienceCell.swift */ = {isa = PBXFileReference; fileEncoding = 4; lastKnownFileType = sourcecode.swift; path = RecommendScienceCell.swift; sourceTree = "<group>"; };
		BC512A791DCCD6150018F0BA /* RecommendScienceCell.xib */ = {isa = PBXFileReference; fileEncoding = 4; lastKnownFileType = file.xib; path = RecommendScienceCell.xib; sourceTree = "<group>"; };
		BC6A5FCA1DD35A7200D3FA6C /* Images.xcassets */ = {isa = PBXFileReference; lastKnownFileType = folder.assetcatalog; path = Images.xcassets; sourceTree = "<group>"; };
		BC6C13841DC8590400C744BD /* KTCSegCtrl.swift */ = {isa = PBXFileReference; fileEncoding = 4; lastKnownFileType = sourcecode.swift; path = KTCSegCtrl.swift; sourceTree = "<group>"; };
		BC6C13861DC85B0C00C744BD /* UIView+Common.swift */ = {isa = PBXFileReference; fileEncoding = 4; lastKnownFileType = sourcecode.swift; path = "UIView+Common.swift"; sourceTree = "<group>"; };
		BC6C7F5E1DD0CF0A00CBA5EF /* CollectionCell.swift */ = {isa = PBXFileReference; fileEncoding = 4; lastKnownFileType = sourcecode.swift; path = CollectionCell.swift; sourceTree = "<group>"; };
		BC6C7F5F1DD0CF0A00CBA5EF /* CollectionCell.xib */ = {isa = PBXFileReference; fileEncoding = 4; lastKnownFileType = file.xib; path = CollectionCell.xib; sourceTree = "<group>"; };
		BC7A32131DD1C02400E211B7 /* play-A@2x.png */ = {isa = PBXFileReference; lastKnownFileType = image.png; path = "play-A@2x.png"; sourceTree = "<group>"; };
		BC7A32141DD1C02400E211B7 /* play-A@3x.png */ = {isa = PBXFileReference; lastKnownFileType = image.png; path = "play-A@3x.png"; sourceTree = "<group>"; };
		BC94BAA91DC1F4CC0096EEAD /* sdefaultImage.png */ = {isa = PBXFileReference; lastKnownFileType = image.png; path = sdefaultImage.png; sourceTree = "<group>"; };
		BC94BAAB1DC1FBD10096EEAD /* NewestCell.swift */ = {isa = PBXFileReference; fileEncoding = 4; lastKnownFileType = sourcecode.swift; path = NewestCell.swift; sourceTree = "<group>"; };
		BC94BAAC1DC1FBD10096EEAD /* NewestCell.xib */ = {isa = PBXFileReference; fileEncoding = 4; lastKnownFileType = file.xib; path = NewestCell.xib; sourceTree = "<group>"; };
		BC94BAAF1DC233980096EEAD /* addReFreshProtocol.swift */ = {isa = PBXFileReference; fileEncoding = 4; lastKnownFileType = sourcecode.swift; name = addReFreshProtocol.swift; path = "../HomePage首页/addReFreshProtocol.swift"; sourceTree = "<group>"; };
		BCB26E5E1DCC2F2C0067380F /* bookmarks@2x.png */ = {isa = PBXFileReference; lastKnownFileType = image.png; name = "bookmarks@2x.png"; path = "InformationTechnology/Classes/Resources资源/推荐/bookmarks@2x.png"; sourceTree = SOURCE_ROOT; };
		BCB26E5F1DCC2F2C0067380F /* bookmarks@3x.png */ = {isa = PBXFileReference; lastKnownFileType = image.png; name = "bookmarks@3x.png"; path = "InformationTechnology/Classes/Resources资源/推荐/bookmarks@3x.png"; sourceTree = SOURCE_ROOT; };
		BCC45F4A1DC0B12B009BC6EC /* HomePageTableView.swift */ = {isa = PBXFileReference; fileEncoding = 4; lastKnownFileType = sourcecode.swift; path = HomePageTableView.swift; sourceTree = "<group>"; };
		BCC45F501DC0CC0C009BC6EC /* NewestModel.swift */ = {isa = PBXFileReference; fileEncoding = 4; lastKnownFileType = sourcecode.swift; path = NewestModel.swift; sourceTree = "<group>"; };
		BCC45F521DC0D021009BC6EC /* NewestHeaderModel.swift */ = {isa = PBXFileReference; fileEncoding = 4; lastKnownFileType = sourcecode.swift; path = NewestHeaderModel.swift; sourceTree = "<group>"; };
		BCC45F601DC0F27E009BC6EC /* HeaderScrollViewCell.swift */ = {isa = PBXFileReference; fileEncoding = 4; lastKnownFileType = sourcecode.swift; path = HeaderScrollViewCell.swift; sourceTree = "<group>"; };
		BCC45F621DC0F296009BC6EC /* HeaderScrollView.swift */ = {isa = PBXFileReference; fileEncoding = 4; lastKnownFileType = sourcecode.swift; path = HeaderScrollView.swift; sourceTree = "<group>"; };
		BCD1F7831DD497D4003E6288 /* KTCDownloader.swift */ = {isa = PBXFileReference; fileEncoding = 4; lastKnownFileType = sourcecode.swift; path = KTCDownloader.swift; sourceTree = "<group>"; };
		BCD1F7861DD49F43003E6288 /* KTCService.swift */ = {isa = PBXFileReference; fileEncoding = 4; lastKnownFileType = sourcecode.swift; path = KTCService.swift; sourceTree = "<group>"; };
		BCD1F78E1DD4A063003E6288 /* RecommendAdService.swift */ = {isa = PBXFileReference; fileEncoding = 4; lastKnownFileType = sourcecode.swift; path = RecommendAdService.swift; sourceTree = "<group>"; };
		BCD1F7901DD4A107003E6288 /* RecommendCellDetailService.swift */ = {isa = PBXFileReference; fileEncoding = 4; lastKnownFileType = sourcecode.swift; path = RecommendCellDetailService.swift; sourceTree = "<group>"; };
		BCD1F7921DD4A88A003E6288 /* playVideoService.swift */ = {isa = PBXFileReference; fileEncoding = 4; lastKnownFileType = sourcecode.swift; path = playVideoService.swift; sourceTree = "<group>"; };
		BCD1F8E21DD5CA11003E6288 /* CoolPlayModel.swift */ = {isa = PBXFileReference; fileEncoding = 4; lastKnownFileType = sourcecode.swift; path = CoolPlayModel.swift; sourceTree = "<group>"; };
		BCD1F8E61DD5F1D4003E6288 /* CollectCoolPlayView.swift */ = {isa = PBXFileReference; fileEncoding = 4; lastKnownFileType = sourcecode.swift; path = CollectCoolPlayView.swift; sourceTree = "<group>"; };
		BCD1F8E81DD5F98B003E6288 /* CoolPlaySlideCell.swift */ = {isa = PBXFileReference; fileEncoding = 4; lastKnownFileType = sourcecode.swift; path = CoolPlaySlideCell.swift; sourceTree = "<group>"; };
		BCD1F8E91DD5F98B003E6288 /* CoolPlaySlideCell.xib */ = {isa = PBXFileReference; fileEncoding = 4; lastKnownFileType = file.xib; path = CoolPlaySlideCell.xib; sourceTree = "<group>"; };
		BCD94D2C1DCB50D1002CDF5A /* clock@2x.png */ = {isa = PBXFileReference; lastKnownFileType = image.png; name = "clock@2x.png"; path = "InformationTechnology/Classes/Resources资源/推荐/clock@2x.png"; sourceTree = SOURCE_ROOT; };
		BCD94D2D1DCB50D1002CDF5A /* clock@3x.png */ = {isa = PBXFileReference; lastKnownFileType = image.png; name = "clock@3x.png"; path = "InformationTechnology/Classes/Resources资源/推荐/clock@3x.png"; sourceTree = SOURCE_ROOT; };
		BCD94D2E1DCB50D1002CDF5A /* like@2x.png */ = {isa = PBXFileReference; lastKnownFileType = image.png; name = "like@2x.png"; path = "InformationTechnology/Classes/Resources资源/推荐/like@2x.png"; sourceTree = SOURCE_ROOT; };
		BCD94D2F1DCB50D1002CDF5A /* like@3x.png */ = {isa = PBXFileReference; lastKnownFileType = image.png; name = "like@3x.png"; path = "InformationTechnology/Classes/Resources资源/推荐/like@3x.png"; sourceTree = SOURCE_ROOT; };
		BCE43A6B1DD94C5400AA0355 /* downCell.swift */ = {isa = PBXFileReference; fileEncoding = 4; lastKnownFileType = sourcecode.swift; name = downCell.swift; path = "InformationTechnology/Classes/Mine我的/Controller/downCell.swift"; sourceTree = SOURCE_ROOT; };
		BCE43A6C1DD94C5400AA0355 /* downCell.xib */ = {isa = PBXFileReference; fileEncoding = 4; lastKnownFileType = file.xib; name = downCell.xib; path = "InformationTechnology/Classes/Mine我的/Controller/downCell.xib"; sourceTree = SOURCE_ROOT; };
		BCE43A6F1DD94FD600AA0355 /* userCenter_cell_rightArrow.png */ = {isa = PBXFileReference; lastKnownFileType = image.png; path = userCenter_cell_rightArrow.png; sourceTree = "<group>"; };
		BCE43A701DD94FD600AA0355 /* userCenter_cell_rightArrow@3x.png */ = {isa = PBXFileReference; lastKnownFileType = image.png; path = "userCenter_cell_rightArrow@3x.png"; sourceTree = "<group>"; };
		BCE43A731DD9557C00AA0355 /* hasSwitchCell.swift */ = {isa = PBXFileReference; fileEncoding = 4; lastKnownFileType = sourcecode.swift; name = hasSwitchCell.swift; path = "InformationTechnology/Classes/Resources资源/hasSwitchCell.swift"; sourceTree = SOURCE_ROOT; };
		BCE43A741DD9557C00AA0355 /* hasSwitchCell.xib */ = {isa = PBXFileReference; fileEncoding = 4; lastKnownFileType = file.xib; name = hasSwitchCell.xib; path = "InformationTechnology/Classes/Resources资源/hasSwitchCell.xib"; sourceTree = SOURCE_ROOT; };
		BCF2547A1DBE31F200ABD6A7 /* InformationTechnology.app */ = {isa = PBXFileReference; explicitFileType = wrapper.application; includeInIndex = 0; path = InformationTechnology.app; sourceTree = BUILT_PRODUCTS_DIR; };
		BCF2547D1DBE31F200ABD6A7 /* AppDelegate.swift */ = {isa = PBXFileReference; lastKnownFileType = sourcecode.swift; path = AppDelegate.swift; sourceTree = "<group>"; };
		BCF2547F1DBE31F200ABD6A7 /* ViewController.swift */ = {isa = PBXFileReference; lastKnownFileType = sourcecode.swift; path = ViewController.swift; sourceTree = "<group>"; };
		BCF254821DBE31F200ABD6A7 /* Base */ = {isa = PBXFileReference; lastKnownFileType = file.storyboard; name = Base; path = Base.lproj/Main.storyboard; sourceTree = "<group>"; };
		BCF254841DBE31F200ABD6A7 /* Assets.xcassets */ = {isa = PBXFileReference; lastKnownFileType = folder.assetcatalog; path = Assets.xcassets; sourceTree = "<group>"; };
		BCF254871DBE31F200ABD6A7 /* Base */ = {isa = PBXFileReference; lastKnownFileType = file.storyboard; name = Base; path = Base.lproj/LaunchScreen.storyboard; sourceTree = "<group>"; };
		BCF254891DBE31F200ABD6A7 /* Info.plist */ = {isa = PBXFileReference; lastKnownFileType = text.plist.xml; path = Info.plist; sourceTree = "<group>"; };
		BCF2548E1DBE31F200ABD6A7 /* InformationTechnologyTests.xctest */ = {isa = PBXFileReference; explicitFileType = wrapper.cfbundle; includeInIndex = 0; path = InformationTechnologyTests.xctest; sourceTree = BUILT_PRODUCTS_DIR; };
		BCF254921DBE31F200ABD6A7 /* InformationTechnologyTests.swift */ = {isa = PBXFileReference; lastKnownFileType = sourcecode.swift; path = InformationTechnologyTests.swift; sourceTree = "<group>"; };
		BCF254941DBE31F200ABD6A7 /* Info.plist */ = {isa = PBXFileReference; lastKnownFileType = text.plist.xml; path = Info.plist; sourceTree = "<group>"; };
		BCF254991DBE31F200ABD6A7 /* InformationTechnologyUITests.xctest */ = {isa = PBXFileReference; explicitFileType = wrapper.cfbundle; includeInIndex = 0; path = InformationTechnologyUITests.xctest; sourceTree = BUILT_PRODUCTS_DIR; };
		BCF2549D1DBE31F200ABD6A7 /* InformationTechnologyUITests.swift */ = {isa = PBXFileReference; lastKnownFileType = sourcecode.swift; path = InformationTechnologyUITests.swift; sourceTree = "<group>"; };
		BCF2549F1DBE31F200ABD6A7 /* Info.plist */ = {isa = PBXFileReference; lastKnownFileType = text.plist.xml; path = Info.plist; sourceTree = "<group>"; };
		BCF254CB1DBE49A700ABD6A7 /* Const.swift */ = {isa = PBXFileReference; fileEncoding = 4; lastKnownFileType = sourcecode.swift; path = Const.swift; sourceTree = "<group>"; };
		BCF254D31DBE4F3000ABD6A7 /* CollectionViewController.swift */ = {isa = PBXFileReference; fileEncoding = 4; lastKnownFileType = sourcecode.swift; path = CollectionViewController.swift; sourceTree = "<group>"; };
		BCF254D71DBE4F6300ABD6A7 /* MineViewController.swift */ = {isa = PBXFileReference; fileEncoding = 4; lastKnownFileType = sourcecode.swift; path = MineViewController.swift; sourceTree = "<group>"; };
		BCF254D91DBE50CB00ABD6A7 /* CreateTabBarController.swift */ = {isa = PBXFileReference; fileEncoding = 4; lastKnownFileType = sourcecode.swift; path = CreateTabBarController.swift; sourceTree = "<group>"; };
		BCF254DD1DBE57DE00ABD6A7 /* dog house@2x.png */ = {isa = PBXFileReference; lastKnownFileType = image.png; path = "dog house@2x.png"; sourceTree = "<group>"; };
		BCF254DE1DBE57DE00ABD6A7 /* dog house@3x.png */ = {isa = PBXFileReference; lastKnownFileType = image.png; path = "dog house@3x.png"; sourceTree = "<group>"; };
		BCF254DF1DBE57DE00ABD6A7 /* Neutron@2x.png */ = {isa = PBXFileReference; lastKnownFileType = image.png; path = "Neutron@2x.png"; sourceTree = "<group>"; };
		BCF254E01DBE57DE00ABD6A7 /* Neutron@3x.png */ = {isa = PBXFileReference; lastKnownFileType = image.png; path = "Neutron@3x.png"; sourceTree = "<group>"; };
		D9F8859C445243B31310323F /* Pods_InformationTechnology.framework */ = {isa = PBXFileReference; explicitFileType = wrapper.framework; includeInIndex = 0; path = Pods_InformationTechnology.framework; sourceTree = BUILT_PRODUCTS_DIR; };
/* End PBXFileReference section */

/* Begin PBXFrameworksBuildPhase section */
		BCF254771DBE31F200ABD6A7 /* Frameworks */ = {
			isa = PBXFrameworksBuildPhase;
			buildActionMask = 2147483647;
			files = (
				549EEFBCCDB5948BA6AED4CB /* Pods_InformationTechnology.framework in Frameworks */,
			);
			runOnlyForDeploymentPostprocessing = 0;
		};
		BCF2548B1DBE31F200ABD6A7 /* Frameworks */ = {
			isa = PBXFrameworksBuildPhase;
			buildActionMask = 2147483647;
			files = (
			);
			runOnlyForDeploymentPostprocessing = 0;
		};
		BCF254961DBE31F200ABD6A7 /* Frameworks */ = {
			isa = PBXFrameworksBuildPhase;
			buildActionMask = 2147483647;
			files = (
			);
			runOnlyForDeploymentPostprocessing = 0;
		};
/* End PBXFrameworksBuildPhase section */

/* Begin PBXGroup section */
		1EEDFD7F1DD8AB7500987EE7 /* 我的 */ = {
			isa = PBXGroup;
			children = (
				BCE43A6F1DD94FD600AA0355 /* userCenter_cell_rightArrow.png */,
				BCE43A701DD94FD600AA0355 /* userCenter_cell_rightArrow@3x.png */,
				1EEDFD801DD8AB9100987EE7 /* lr_avatar.png */,
				1EEDFD811DD8AB9100987EE7 /* lr_avatar@3x.png */,
				1EEDFD821DD8AB9100987EE7 /* us_loginBg.png */,
				1EEDFD831DD8AB9100987EE7 /* userCeneter_subscribe.png */,
				1EEDFD841DD8AB9100987EE7 /* userCeneter_subscribe@3x.png */,
				1EEDFD851DD8AB9100987EE7 /* userCenter_activity.png */,
				1EEDFD861DD8AB9100987EE7 /* userCenter_activity@3x.png */,
				1EEDFD871DD8AB9100987EE7 /* usercenter_btn_history.png */,
				1EEDFD881DD8AB9100987EE7 /* usercenter_btn_history@3x.png */,
				1EEDFD891DD8AB9100987EE7 /* userCenter_FeedBack.png */,
				1EEDFD8A1DD8AB9100987EE7 /* userCenter_FeedBack@3x.png */,
				1EEDFD8B1DD8AB9100987EE7 /* userCenter_financial.png */,
				1EEDFD8C1DD8AB9100987EE7 /* userCenter_financial@3x.png */,
				1EEDFD8D1DD8AB9100987EE7 /* userCenter_mall.png */,
				1EEDFD8E1DD8AB9100987EE7 /* userCenter_mall@3x.png */,
				1EEDFD8F1DD8AB9100987EE7 /* userCenter_NightMode.png */,
				1EEDFD901DD8AB9100987EE7 /* userCenter_NightMode@3x.png */,
				1EEDFD911DD8AB9100987EE7 /* userCenter_OffLine.png */,
				1EEDFD921DD8AB9100987EE7 /* userCenter_OffLine@3x.png */,
				1EEDFD931DD8AB9100987EE7 /* userCenter_setting.png */,
				1EEDFD941DD8AB9100987EE7 /* userCenter_setting@3x.png */,
				1EEDFD951DD8AB9100987EE7 /* userCenterCollect.png */,
				1EEDFD961DD8AB9100987EE7 /* userCenterCollect@3x.png */,
				1EEDFD971DD8AB9100987EE7 /* userCenterComment.png */,
				1EEDFD981DD8AB9100987EE7 /* userCenterComment@3x.png */,
				1EEDFD991DD8AB9100987EE7 /* userCenterMessage.png */,
				1EEDFD9A1DD8AB9100987EE7 /* userCenterMessage@3x.png */,
			);
			name = "我的";
			sourceTree = "<group>";
		};
		66BF9322D87EC4D5A6F9DCBA /* Pods */ = {
			isa = PBXGroup;
			children = (
				3B2652D980B4E197F5BC11FC /* Pods-InformationTechnology.debug.xcconfig */,
				63DEF65D8D04F76275F2E6F6 /* Pods-InformationTechnology.release.xcconfig */,
			);
			name = Pods;
			sourceTree = "<group>";
		};
		6B24AD74D9BD82BC1BF60623 /* Frameworks */ = {
			isa = PBXGroup;
			children = (
				D9F8859C445243B31310323F /* Pods_InformationTechnology.framework */,
			);
			name = Frameworks;
			sourceTree = "<group>";
		};
		BC1011661DC6CFA2000D0394 /* 顶部滑动导航栏 */ = {
			isa = PBXGroup;
			children = (
				BC1011691DC6CFF0000D0394 /* Controller */,
				BC1011681DC6CFE1000D0394 /* Const */,
				BC1011671DC6CFC0000D0394 /* View */,
			);
			name = "顶部滑动导航栏";
			sourceTree = "<group>";
		};
		BC1011671DC6CFC0000D0394 /* View */ = {
			isa = PBXGroup;
			children = (
				BC1011701DC6D009000D0394 /* SKScNavBar.swift */,
				BC1011711DC6D009000D0394 /* SKLaunchMenu.swift */,
				BC1011721DC6D009000D0394 /* SKLaunchMenuItem.swift */,
			);
			name = View;
			sourceTree = "<group>";
		};
		BC1011681DC6CFE1000D0394 /* Const */ = {
			isa = PBXGroup;
			children = (
				BC10116C1DC6D002000D0394 /* SKMacros.swift */,
			);
			name = Const;
			sourceTree = "<group>";
		};
		BC1011691DC6CFF0000D0394 /* Controller */ = {
			isa = PBXGroup;
			children = (
				BC10116A1DC6CFFA000D0394 /* SKScNavViewController.swift */,
			);
			name = Controller;
			sourceTree = "<group>";
		};
		BC512A621DCCD6150018F0BA /* Recommend推荐 */ = {
			isa = PBXGroup;
			children = (
				BCD1F7851DD49F0F003E6288 /* Service处理公共点击事件 */,
				BC512A631DCCD6150018F0BA /* Main主要模块 */,
				BC512A6A1DCCD6150018F0BA /* Science科技 */,
			);
			path = "Recommend推荐";
			sourceTree = "<group>";
		};
		BC512A631DCCD6150018F0BA /* Main主要模块 */ = {
			isa = PBXGroup;
			children = (
				BC512A641DCCD6150018F0BA /* Controller */,
				BC512A661DCCD6150018F0BA /* Model */,
				BC512A681DCCD6150018F0BA /* View */,
			);
			path = "Main主要模块";
			sourceTree = "<group>";
		};
		BC512A641DCCD6150018F0BA /* Controller */ = {
			isa = PBXGroup;
			children = (
				BC512A651DCCD6150018F0BA /* RecommendViewController.swift */,
			);
			path = Controller;
			sourceTree = "<group>";
		};
		BC512A661DCCD6150018F0BA /* Model */ = {
			isa = PBXGroup;
			children = (
				BC512A671DCCD6150018F0BA /* RecommendModel.swift */,
			);
			path = Model;
			sourceTree = "<group>";
		};
		BC512A681DCCD6150018F0BA /* View */ = {
			isa = PBXGroup;
			children = (
				BC512A691DCCD6150018F0BA /* RecommendView.swift */,
			);
			path = View;
			sourceTree = "<group>";
		};
		BC512A6A1DCCD6150018F0BA /* Science科技 */ = {
			isa = PBXGroup;
			children = (
				BC512A6B1DCCD6150018F0BA /* Controller */,
				BC512A6E1DCCD6150018F0BA /* Model */,
				BC512A711DCCD6150018F0BA /* View */,
			);
			path = "Science科技";
			sourceTree = "<group>";
		};
		BC512A6B1DCCD6150018F0BA /* Controller */ = {
			isa = PBXGroup;
			children = (
				BC512A6C1DCCD6150018F0BA /* AdDetailViewController.swift */,
				BC512A6D1DCCD6150018F0BA /* CellDetailViewController.swift */,
			);
			path = Controller;
			sourceTree = "<group>";
		};
		BC512A6E1DCCD6150018F0BA /* Model */ = {
			isa = PBXGroup;
			children = (
				BC512A6F1DCCD6150018F0BA /* AdDetailModel.swift */,
				BC512A701DCCD6150018F0BA /* CellDetailModel.swift */,
			);
			path = Model;
			sourceTree = "<group>";
		};
		BC512A711DCCD6150018F0BA /* View */ = {
			isa = PBXGroup;
			children = (
				BC512A741DCCD6150018F0BA /* AdDetailView.swift */,
				BC512A721DCCD6150018F0BA /* AdDetailCell.swift */,
				BC512A731DCCD6150018F0BA /* AdDetailCell.xib */,
				BC512A761DCCD6150018F0BA /* RecommendHeaderCell.swift */,
				BC512A771DCCD6150018F0BA /* RecommendHeaderCell.xib */,
				BC512A781DCCD6150018F0BA /* RecommendScienceCell.swift */,
				BC512A791DCCD6150018F0BA /* RecommendScienceCell.xib */,
			);
			path = View;
			sourceTree = "<group>";
		};
		BCC45F3D1DC0AEDC009BC6EC /* Main主要模块 */ = {
			isa = PBXGroup;
			children = (
				BCC45F471DC0AFEF009BC6EC /* Controller */,
				BCC45F461DC0AFE9009BC6EC /* Model */,
				BCC45F451DC0AFE4009BC6EC /* View */,
			);
			name = "Main主要模块";
			sourceTree = "<group>";
		};
		BCC45F451DC0AFE4009BC6EC /* View */ = {
			isa = PBXGroup;
			children = (
				BCC45F4A1DC0B12B009BC6EC /* HomePageTableView.swift */,
				BCC45F621DC0F296009BC6EC /* HeaderScrollView.swift */,
				BCC45F601DC0F27E009BC6EC /* HeaderScrollViewCell.swift */,
				BC94BAAB1DC1FBD10096EEAD /* NewestCell.swift */,
				BC94BAAC1DC1FBD10096EEAD /* NewestCell.xib */,
				BC1011AA1DC76549000D0394 /* DetailView.swift */,
			);
			name = View;
			sourceTree = "<group>";
		};
		BCC45F461DC0AFE9009BC6EC /* Model */ = {
			isa = PBXGroup;
			children = (
				BCC45F501DC0CC0C009BC6EC /* NewestModel.swift */,
				BCC45F521DC0D021009BC6EC /* NewestHeaderModel.swift */,
			);
			name = Model;
			sourceTree = "<group>";
		};
		BCC45F471DC0AFEF009BC6EC /* Controller */ = {
			isa = PBXGroup;
			children = (
				BC1011761DC6D052000D0394 /* HomepageViewController.swift */,
			);
			name = Controller;
			sourceTree = "<group>";
		};
		BCD1F7851DD49F0F003E6288 /* Service处理公共点击事件 */ = {
			isa = PBXGroup;
			children = (
				BCD1F7861DD49F43003E6288 /* KTCService.swift */,
				BCD1F78E1DD4A063003E6288 /* RecommendAdService.swift */,
				BCD1F7901DD4A107003E6288 /* RecommendCellDetailService.swift */,
				BCD1F7921DD4A88A003E6288 /* playVideoService.swift */,
			);
			name = "Service处理公共点击事件";
			sourceTree = "<group>";
		};
		BCF254711DBE31F200ABD6A7 = {
			isa = PBXGroup;
			children = (
				BCF2547C1DBE31F200ABD6A7 /* InformationTechnology */,
				BCF254911DBE31F200ABD6A7 /* InformationTechnologyTests */,
				BCF2549C1DBE31F200ABD6A7 /* InformationTechnologyUITests */,
				BCF2547B1DBE31F200ABD6A7 /* Products */,
				66BF9322D87EC4D5A6F9DCBA /* Pods */,
				6B24AD74D9BD82BC1BF60623 /* Frameworks */,
			);
			sourceTree = "<group>";
		};
		BCF2547B1DBE31F200ABD6A7 /* Products */ = {
			isa = PBXGroup;
			children = (
				BCF2547A1DBE31F200ABD6A7 /* InformationTechnology.app */,
				BCF2548E1DBE31F200ABD6A7 /* InformationTechnologyTests.xctest */,
				BCF254991DBE31F200ABD6A7 /* InformationTechnologyUITests.xctest */,
			);
			name = Products;
			sourceTree = "<group>";
		};
		BCF2547C1DBE31F200ABD6A7 /* InformationTechnology */ = {
			isa = PBXGroup;
			children = (
				BCF254AB1DBE355600ABD6A7 /* Classes */,
				BCF2547D1DBE31F200ABD6A7 /* AppDelegate.swift */,
				BCF2547F1DBE31F200ABD6A7 /* ViewController.swift */,
				BCF254811DBE31F200ABD6A7 /* Main.storyboard */,
				BCF254841DBE31F200ABD6A7 /* Assets.xcassets */,
				BCF254861DBE31F200ABD6A7 /* LaunchScreen.storyboard */,
				BCF254891DBE31F200ABD6A7 /* Info.plist */,
				BC6A5FCA1DD35A7200D3FA6C /* Images.xcassets */,
			);
			path = InformationTechnology;
			sourceTree = "<group>";
		};
		BCF254911DBE31F200ABD6A7 /* InformationTechnologyTests */ = {
			isa = PBXGroup;
			children = (
				BCF254921DBE31F200ABD6A7 /* InformationTechnologyTests.swift */,
				BCF254941DBE31F200ABD6A7 /* Info.plist */,
			);
			path = InformationTechnologyTests;
			sourceTree = "<group>";
		};
		BCF2549C1DBE31F200ABD6A7 /* InformationTechnologyUITests */ = {
			isa = PBXGroup;
			children = (
				BCF2549D1DBE31F200ABD6A7 /* InformationTechnologyUITests.swift */,
				BCF2549F1DBE31F200ABD6A7 /* Info.plist */,
			);
			path = InformationTechnologyUITests;
			sourceTree = "<group>";
		};
		BCF254AB1DBE355600ABD6A7 /* Classes */ = {
			isa = PBXGroup;
			children = (
				BC512A621DCCD6150018F0BA /* Recommend推荐 */,
				BCF254BD1DBE363200ABD6A7 /* Public公共类 */,
				BCF254BE1DBE363200ABD6A7 /* Resources资源 */,
				BCF254AC1DBE355600ABD6A7 /* Collection精选 */,
				BCF254B41DBE355600ABD6A7 /* HomePage首页 */,
				BCF254B91DBE355600ABD6A7 /* Mine我的 */,
			);
			path = Classes;
			sourceTree = "<group>";
		};
		BCF254AC1DBE355600ABD6A7 /* Collection精选 */ = {
			isa = PBXGroup;
			children = (
				BCF254AD1DBE355600ABD6A7 /* Controller */,
				BCF254AE1DBE355600ABD6A7 /* Model */,
				BCF254AF1DBE355600ABD6A7 /* View */,
			);
			path = "Collection精选";
			sourceTree = "<group>";
		};
		BCF254AD1DBE355600ABD6A7 /* Controller */ = {
			isa = PBXGroup;
			children = (
				BCF254D31DBE4F3000ABD6A7 /* CollectionViewController.swift */,
			);
			path = Controller;
			sourceTree = "<group>";
		};
		BCF254AE1DBE355600ABD6A7 /* Model */ = {
			isa = PBXGroup;
			children = (
				BC1DFA891DD0BAE800A0F602 /* CollectionModel.swift */,
				BCD1F8E21DD5CA11003E6288 /* CoolPlayModel.swift */,
			);
			path = Model;
			sourceTree = "<group>";
		};
		BCF254AF1DBE355600ABD6A7 /* View */ = {
			isa = PBXGroup;
			children = (
				BC1DFA8B1DD0C80D00A0F602 /* CollectionDiscoverView.swift */,
				BC6C7F5E1DD0CF0A00CBA5EF /* CollectionCell.swift */,
				BC6C7F5F1DD0CF0A00CBA5EF /* CollectionCell.xib */,
				BCD1F8E61DD5F1D4003E6288 /* CollectCoolPlayView.swift */,
				BCD1F8E81DD5F98B003E6288 /* CoolPlaySlideCell.swift */,
				BCD1F8E91DD5F98B003E6288 /* CoolPlaySlideCell.xib */,
				1EEDFD4D1DD8430D00987EE7 /* CoolPlayCell.swift */,
				1EEDFD4E1DD8430D00987EE7 /* CoolPlayCell.xib */,
				1EEDFD511DD85E2A00987EE7 /* HeaderReusableView.swift */,
			);
			path = View;
			sourceTree = "<group>";
		};
		BCF254B41DBE355600ABD6A7 /* HomePage首页 */ = {
			isa = PBXGroup;
			children = (
				BC1011661DC6CFA2000D0394 /* 顶部滑动导航栏 */,
				BCC45F3D1DC0AEDC009BC6EC /* Main主要模块 */,
			);
			path = "HomePage首页";
			sourceTree = "<group>";
		};
		BCF254B91DBE355600ABD6A7 /* Mine我的 */ = {
			isa = PBXGroup;
			children = (
				BCF254BA1DBE355600ABD6A7 /* Controller */,
				BCF254BB1DBE355600ABD6A7 /* Model */,
				BCF254BC1DBE355600ABD6A7 /* View */,
			);
			path = "Mine我的";
			sourceTree = "<group>";
		};
		BCF254BA1DBE355600ABD6A7 /* Controller */ = {
			isa = PBXGroup;
			children = (
				BCF254D71DBE4F6300ABD6A7 /* MineViewController.swift */,
			);
			path = Controller;
			sourceTree = "<group>";
		};
		BCF254BB1DBE355600ABD6A7 /* Model */ = {
			isa = PBXGroup;
			children = (
			);
			path = Model;
			sourceTree = "<group>";
		};
		BCF254BC1DBE355600ABD6A7 /* View */ = {
			isa = PBXGroup;
			children = (
				1EEDFD771DD8962A00987EE7 /* MineView.swift */,
				1EEDFD791DD8985900987EE7 /* topCell.swift */,
				1EEDFD7A1DD8985900987EE7 /* topCell.xib */,
				BCE43A6B1DD94C5400AA0355 /* downCell.swift */,
				BCE43A6C1DD94C5400AA0355 /* downCell.xib */,
				BCE43A731DD9557C00AA0355 /* hasSwitchCell.swift */,
				BCE43A741DD9557C00AA0355 /* hasSwitchCell.xib */,
			);
			path = View;
			sourceTree = "<group>";
		};
		BCF254BD1DBE363200ABD6A7 /* Public公共类 */ = {
			isa = PBXGroup;
			children = (
				BC1DFA871DD0A7A400A0F602 /* KTCTabViewController.swift */,
				BCD1F7831DD497D4003E6288 /* KTCDownloader.swift */,
				BC1011AC1DC7716C000D0394 /* navigationBarProtocol.swift */,
				BCF254CB1DBE49A700ABD6A7 /* Const.swift */,
				BCF254D91DBE50CB00ABD6A7 /* CreateTabBarController.swift */,
				BC6C13841DC8590400C744BD /* KTCSegCtrl.swift */,
				BC6C13861DC85B0C00C744BD /* UIView+Common.swift */,
				BC94BAAF1DC233980096EEAD /* addReFreshProtocol.swift */,
			);
			path = "Public公共类";
			sourceTree = "<group>";
		};
		BCF254BE1DBE363200ABD6A7 /* Resources资源 */ = {
			isa = PBXGroup;
			children = (
				1EEDFD7F1DD8AB7500987EE7 /* 我的 */,
				BCF254BF1DBE363200ABD6A7 /* 公共 */,
				BCF254C01DBE363200ABD6A7 /* 推荐 */,
				BCF254C11DBE363200ABD6A7 /* 图标和启动界面 */,
				BCF254C21DBE363200ABD6A7 /* 导航 */,
				BCF254C41DBE363200ABD6A7 /* 标签栏 */,
				BCF254C51DBE363200ABD6A7 /* 精选 */,
				BCF254C61DBE363200ABD6A7 /* 首页 */,
			);
			path = "Resources资源";
			sourceTree = "<group>";
		};
		BCF254BF1DBE363200ABD6A7 /* 公共 */ = {
			isa = PBXGroup;
			children = (
				BC94BAA91DC1F4CC0096EEAD /* sdefaultImage.png */,
			);
			path = "公共";
			sourceTree = "<group>";
		};
		BCF254C01DBE363200ABD6A7 /* 推荐 */ = {
			isa = PBXGroup;
			children = (
				BCB26E5E1DCC2F2C0067380F /* bookmarks@2x.png */,
				BCB26E5F1DCC2F2C0067380F /* bookmarks@3x.png */,
				BCD94D2C1DCB50D1002CDF5A /* clock@2x.png */,
				BCD94D2D1DCB50D1002CDF5A /* clock@3x.png */,
				BCD94D2E1DCB50D1002CDF5A /* like@2x.png */,
				BCD94D2F1DCB50D1002CDF5A /* like@3x.png */,
			);
			name = "推荐";
			path = "发现";
			sourceTree = "<group>";
		};
		BCF254C11DBE363200ABD6A7 /* 图标和启动界面 */ = {
			isa = PBXGroup;
			children = (
			);
			path = "图标和启动界面";
			sourceTree = "<group>";
		};
		BCF254C21DBE363200ABD6A7 /* 导航 */ = {
			isa = PBXGroup;
			children = (
			);
			path = "导航";
			sourceTree = "<group>";
		};
		BCF254C41DBE363200ABD6A7 /* 标签栏 */ = {
			isa = PBXGroup;
			children = (
				1EEDFD571DD8869300987EE7 /* tabbar_discover_selected.png */,
				1EEDFD581DD8869300987EE7 /* tabbar_discover_selected@3x.png */,
				1EEDFD591DD8869300987EE7 /* tabbar_discover.png */,
				1EEDFD5A1DD8869300987EE7 /* tabbar_discover@3x.png */,
				1EEDFD5B1DD8869300987EE7 /* tabbar_my_selected.png */,
				1EEDFD5C1DD8869300987EE7 /* tabbar_my_selected@3x.png */,
				1EEDFD5D1DD8869300987EE7 /* tabbar_my.png */,
				1EEDFD5E1DD8869300987EE7 /* tabbar_my@3x.png */,
				1EEDFD5F1DD8869300987EE7 /* tabbar_news_selected.png */,
				1EEDFD601DD8869300987EE7 /* tabbar_news_selected@3x.png */,
				1EEDFD611DD8869300987EE7 /* tabbar_news.png */,
				1EEDFD621DD8869300987EE7 /* tabbar_news@3x.png */,
				1EEDFD631DD8869300987EE7 /* tabbar_vision_selected.png */,
				1EEDFD641DD8869300987EE7 /* tabbar_vision_selected@3x.png */,
				1EEDFD651DD8869300987EE7 /* tabbar_vision.png */,
				1EEDFD661DD8869300987EE7 /* tabbar_vision@3x.png */,
				BC1011B61DC77687000D0394 /* user 2@2x.png */,
				BC1011B71DC77687000D0394 /* user 2@3x.png */,
				BC1011B21DC775CB000D0394 /* list 2@2x.png */,
				BC1011B31DC775CB000D0394 /* list 2@3x.png */,
				BCF254DD1DBE57DE00ABD6A7 /* dog house@2x.png */,
				BCF254DE1DBE57DE00ABD6A7 /* dog house@3x.png */,
				BCF254DF1DBE57DE00ABD6A7 /* Neutron@2x.png */,
				BCF254E01DBE57DE00ABD6A7 /* Neutron@3x.png */,
			);
			path = "标签栏";
			sourceTree = "<group>";
		};
		BCF254C51DBE363200ABD6A7 /* 精选 */ = {
			isa = PBXGroup;
			children = (
				BC7A32131DD1C02400E211B7 /* play-A@2x.png */,
				BC7A32141DD1C02400E211B7 /* play-A@3x.png */,
			);
			path = "精选";
			sourceTree = "<group>";
		};
		BCF254C61DBE363200ABD6A7 /* 首页 */ = {
			isa = PBXGroup;
			children = (
				BC1011C61DC785F1000D0394 /* arrow@3x.png */,
				BC1011BE1DC77E2A000D0394 /* back@2x.png */,
				BC1011BF1DC77E2A000D0394 /* back@3x.png */,
				BC1011A21DC75D9B000D0394 /* message empty@2x.png */,
				BC1011A31DC75D9B000D0394 /* message empty@3x.png */,
				BC1011A41DC75D9B000D0394 /* timer@2x.png */,
				BC1011A51DC75D9B000D0394 /* timer@3x.png */,
				BC10119A1DC73427000D0394 /* replay@2x.png */,
				BC10119B1DC73427000D0394 /* replay@3x.png */,
				BC10119C1DC73427000D0394 /* replay1@2x.png */,
				BC10119D1DC73427000D0394 /* replay1@3x.png */,
			);
			path = "首页";
			sourceTree = "<group>";
		};
/* End PBXGroup section */

/* Begin PBXNativeTarget section */
		BCF254791DBE31F200ABD6A7 /* InformationTechnology */ = {
			isa = PBXNativeTarget;
			buildConfigurationList = BCF254A21DBE31F200ABD6A7 /* Build configuration list for PBXNativeTarget "InformationTechnology" */;
			buildPhases = (
				5894BA9A2F594690005835FB /* [CP] Check Pods Manifest.lock */,
				BCF254761DBE31F200ABD6A7 /* Sources */,
				BCF254771DBE31F200ABD6A7 /* Frameworks */,
				BCF254781DBE31F200ABD6A7 /* Resources */,
				20CD58D4ACB75BF3B9B7A312 /* [CP] Embed Pods Frameworks */,
				EEE889AC51E74027EC0A6909 /* [CP] Copy Pods Resources */,
			);
			buildRules = (
			);
			dependencies = (
			);
			name = InformationTechnology;
			productName = InformationTechnology;
			productReference = BCF2547A1DBE31F200ABD6A7 /* InformationTechnology.app */;
			productType = "com.apple.product-type.application";
		};
		BCF2548D1DBE31F200ABD6A7 /* InformationTechnologyTests */ = {
			isa = PBXNativeTarget;
			buildConfigurationList = BCF254A51DBE31F200ABD6A7 /* Build configuration list for PBXNativeTarget "InformationTechnologyTests" */;
			buildPhases = (
				BCF2548A1DBE31F200ABD6A7 /* Sources */,
				BCF2548B1DBE31F200ABD6A7 /* Frameworks */,
				BCF2548C1DBE31F200ABD6A7 /* Resources */,
			);
			buildRules = (
			);
			dependencies = (
				BCF254901DBE31F200ABD6A7 /* PBXTargetDependency */,
			);
			name = InformationTechnologyTests;
			productName = InformationTechnologyTests;
			productReference = BCF2548E1DBE31F200ABD6A7 /* InformationTechnologyTests.xctest */;
			productType = "com.apple.product-type.bundle.unit-test";
		};
		BCF254981DBE31F200ABD6A7 /* InformationTechnologyUITests */ = {
			isa = PBXNativeTarget;
			buildConfigurationList = BCF254A81DBE31F200ABD6A7 /* Build configuration list for PBXNativeTarget "InformationTechnologyUITests" */;
			buildPhases = (
				BCF254951DBE31F200ABD6A7 /* Sources */,
				BCF254961DBE31F200ABD6A7 /* Frameworks */,
				BCF254971DBE31F200ABD6A7 /* Resources */,
			);
			buildRules = (
			);
			dependencies = (
				BCF2549B1DBE31F200ABD6A7 /* PBXTargetDependency */,
			);
			name = InformationTechnologyUITests;
			productName = InformationTechnologyUITests;
			productReference = BCF254991DBE31F200ABD6A7 /* InformationTechnologyUITests.xctest */;
			productType = "com.apple.product-type.bundle.ui-testing";
		};
/* End PBXNativeTarget section */

/* Begin PBXProject section */
		BCF254721DBE31F200ABD6A7 /* Project object */ = {
			isa = PBXProject;
			attributes = {
				LastSwiftUpdateCheck = 0730;
				LastUpgradeCheck = 0730;
				ORGANIZATIONNAME = zzj;
				TargetAttributes = {
					BCF254791DBE31F200ABD6A7 = {
						CreatedOnToolsVersion = 7.3.1;
					};
					BCF2548D1DBE31F200ABD6A7 = {
						CreatedOnToolsVersion = 7.3.1;
						TestTargetID = BCF254791DBE31F200ABD6A7;
					};
					BCF254981DBE31F200ABD6A7 = {
						CreatedOnToolsVersion = 7.3.1;
						TestTargetID = BCF254791DBE31F200ABD6A7;
					};
				};
			};
			buildConfigurationList = BCF254751DBE31F200ABD6A7 /* Build configuration list for PBXProject "InformationTechnology" */;
			compatibilityVersion = "Xcode 3.2";
			developmentRegion = English;
			hasScannedForEncodings = 0;
			knownRegions = (
				en,
				Base,
			);
			mainGroup = BCF254711DBE31F200ABD6A7;
			productRefGroup = BCF2547B1DBE31F200ABD6A7 /* Products */;
			projectDirPath = "";
			projectRoot = "";
			targets = (
				BCF254791DBE31F200ABD6A7 /* InformationTechnology */,
				BCF2548D1DBE31F200ABD6A7 /* InformationTechnologyTests */,
				BCF254981DBE31F200ABD6A7 /* InformationTechnologyUITests */,
			);
		};
/* End PBXProject section */

/* Begin PBXResourcesBuildPhase section */
		BCF254781DBE31F200ABD6A7 /* Resources */ = {
			isa = PBXResourcesBuildPhase;
			buildActionMask = 2147483647;
			files = (
				1EEDFD501DD8430D00987EE7 /* CoolPlayCell.xib in Resources */,
				1EEDFDAF1DD8AB9100987EE7 /* userCenter_setting@3x.png in Resources */,
				BCE43A721DD94FD600AA0355 /* userCenter_cell_rightArrow@3x.png in Resources */,
				1EEDFDB11DD8AB9100987EE7 /* userCenterCollect@3x.png in Resources */,
				1EEDFDA71DD8AB9100987EE7 /* userCenter_financial@3x.png in Resources */,
				BCD94D311DCB50D1002CDF5A /* clock@3x.png in Resources */,
				BC1011C31DC77E2A000D0394 /* back@3x.png in Resources */,
				BC1011A61DC75D9B000D0394 /* message empty@2x.png in Resources */,
				BC1011B51DC775CB000D0394 /* list 2@3x.png in Resources */,
				BC1011A01DC73427000D0394 /* replay1@2x.png in Resources */,
				1EEDFD6C1DD8869300987EE7 /* tabbar_my_selected@3x.png in Resources */,
				BC1011A81DC75D9B000D0394 /* timer@2x.png in Resources */,
				1EEDFD751DD8869300987EE7 /* tabbar_vision.png in Resources */,
				1EEDFD671DD8869300987EE7 /* tabbar_discover_selected.png in Resources */,
				BC1011C71DC785F1000D0394 /* arrow@3x.png in Resources */,
				BC6A5FCB1DD35A7200D3FA6C /* Images.xcassets in Resources */,
				1EEDFD731DD8869300987EE7 /* tabbar_vision_selected.png in Resources */,
				1EEDFD761DD8869300987EE7 /* tabbar_vision@3x.png in Resources */,
				1EEDFD9B1DD8AB9100987EE7 /* lr_avatar.png in Resources */,
				BC1011B81DC77687000D0394 /* user 2@2x.png in Resources */,
				1EEDFD7C1DD8985900987EE7 /* topCell.xib in Resources */,
				BC10119E1DC73427000D0394 /* replay@2x.png in Resources */,
				1EEDFD9C1DD8AB9100987EE7 /* lr_avatar@3x.png in Resources */,
				BCF254E51DBE57DE00ABD6A7 /* dog house@2x.png in Resources */,
				BC1011A11DC73427000D0394 /* replay1@3x.png in Resources */,
				BC512A881DCCD6150018F0BA /* RecommendScienceCell.xib in Resources */,
				BCE43A6E1DD94C5400AA0355 /* downCell.xib in Resources */,
				BC512A861DCCD6150018F0BA /* RecommendHeaderCell.xib in Resources */,
				BCD94D331DCB50D1002CDF5A /* like@3x.png in Resources */,
				1EEDFDA01DD8AB9100987EE7 /* userCenter_activity.png in Resources */,
				1EEDFDAE1DD8AB9100987EE7 /* userCenter_setting.png in Resources */,
				1EEDFDB41DD8AB9100987EE7 /* userCenterMessage.png in Resources */,
				1EEDFD6D1DD8869300987EE7 /* tabbar_my.png in Resources */,
				BCB26E601DCC2F2C0067380F /* bookmarks@2x.png in Resources */,
				1EEDFDB01DD8AB9100987EE7 /* userCenterCollect.png in Resources */,
				BC7A32161DD1C02400E211B7 /* play-A@3x.png in Resources */,
				BC6C7F611DD0CF0A00CBA5EF /* CollectionCell.xib in Resources */,
				BC94BAAA1DC1F4CC0096EEAD /* sdefaultImage.png in Resources */,
				1EEDFD701DD8869300987EE7 /* tabbar_news_selected@3x.png in Resources */,
				1EEDFDAD1DD8AB9100987EE7 /* userCenter_OffLine@3x.png in Resources */,
				1EEDFDA61DD8AB9100987EE7 /* userCenter_financial.png in Resources */,
				1EEDFD711DD8869300987EE7 /* tabbar_news.png in Resources */,
				BCF254881DBE31F200ABD6A7 /* LaunchScreen.storyboard in Resources */,
				1EEDFDA21DD8AB9100987EE7 /* usercenter_btn_history.png in Resources */,
				1EEDFDB51DD8AB9100987EE7 /* userCenterMessage@3x.png in Resources */,
				BCD1F8EB1DD5F98B003E6288 /* CoolPlaySlideCell.xib in Resources */,
				1EEDFD741DD8869300987EE7 /* tabbar_vision_selected@3x.png in Resources */,
				1EEDFD9E1DD8AB9100987EE7 /* userCeneter_subscribe.png in Resources */,
				BCD94D301DCB50D1002CDF5A /* clock@2x.png in Resources */,
				BC94BAAE1DC1FBD10096EEAD /* NewestCell.xib in Resources */,
				1EEDFD691DD8869300987EE7 /* tabbar_discover.png in Resources */,
				1EEDFD9F1DD8AB9100987EE7 /* userCeneter_subscribe@3x.png in Resources */,
				BC1011A91DC75D9B000D0394 /* timer@3x.png in Resources */,
				BC512A821DCCD6150018F0BA /* AdDetailCell.xib in Resources */,
				BC10119F1DC73427000D0394 /* replay@3x.png in Resources */,
				BCF254E81DBE57DE00ABD6A7 /* Neutron@3x.png in Resources */,
				BC1011A71DC75D9B000D0394 /* message empty@3x.png in Resources */,
				1EEDFDA41DD8AB9100987EE7 /* userCenter_FeedBack.png in Resources */,
				1EEDFDAA1DD8AB9100987EE7 /* userCenter_NightMode.png in Resources */,
				BCE43A761DD9557C00AA0355 /* hasSwitchCell.xib in Resources */,
				1EEDFDA51DD8AB9100987EE7 /* userCenter_FeedBack@3x.png in Resources */,
				BCB26E611DCC2F2C0067380F /* bookmarks@3x.png in Resources */,
				BCF254E61DBE57DE00ABD6A7 /* dog house@3x.png in Resources */,
				1EEDFDB31DD8AB9100987EE7 /* userCenterComment@3x.png in Resources */,
				BC7A32151DD1C02400E211B7 /* play-A@2x.png in Resources */,
				BC1011C21DC77E2A000D0394 /* back@2x.png in Resources */,
				1EEDFD6F1DD8869300987EE7 /* tabbar_news_selected.png in Resources */,
				BCF254851DBE31F200ABD6A7 /* Assets.xcassets in Resources */,
				BCE43A711DD94FD600AA0355 /* userCenter_cell_rightArrow.png in Resources */,
				BCF254E71DBE57DE00ABD6A7 /* Neutron@2x.png in Resources */,
				1EEDFD681DD8869300987EE7 /* tabbar_discover_selected@3x.png in Resources */,
				1EEDFD721DD8869300987EE7 /* tabbar_news@3x.png in Resources */,
				BC1011B91DC77687000D0394 /* user 2@3x.png in Resources */,
				1EEDFDAC1DD8AB9100987EE7 /* userCenter_OffLine.png in Resources */,
				BC1011B41DC775CB000D0394 /* list 2@2x.png in Resources */,
				1EEDFD6B1DD8869300987EE7 /* tabbar_my_selected.png in Resources */,
				BCF254831DBE31F200ABD6A7 /* Main.storyboard in Resources */,
				1EEDFDAB1DD8AB9100987EE7 /* userCenter_NightMode@3x.png in Resources */,
				1EEDFD9D1DD8AB9100987EE7 /* us_loginBg.png in Resources */,
				1EEDFDA11DD8AB9100987EE7 /* userCenter_activity@3x.png in Resources */,
				1EEDFD6A1DD8869300987EE7 /* tabbar_discover@3x.png in Resources */,
				1EEDFDA91DD8AB9100987EE7 /* userCenter_mall@3x.png in Resources */,
				1EEDFDB21DD8AB9100987EE7 /* userCenterComment.png in Resources */,
				1EEDFDA31DD8AB9100987EE7 /* usercenter_btn_history@3x.png in Resources */,
				BCD94D321DCB50D1002CDF5A /* like@2x.png in Resources */,
				1EEDFD6E1DD8869300987EE7 /* tabbar_my@3x.png in Resources */,
				1EEDFDA81DD8AB9100987EE7 /* userCenter_mall.png in Resources */,
			);
			runOnlyForDeploymentPostprocessing = 0;
		};
		BCF2548C1DBE31F200ABD6A7 /* Resources */ = {
			isa = PBXResourcesBuildPhase;
			buildActionMask = 2147483647;
			files = (
			);
			runOnlyForDeploymentPostprocessing = 0;
		};
		BCF254971DBE31F200ABD6A7 /* Resources */ = {
			isa = PBXResourcesBuildPhase;
			buildActionMask = 2147483647;
			files = (
			);
			runOnlyForDeploymentPostprocessing = 0;
		};
/* End PBXResourcesBuildPhase section */

/* Begin PBXShellScriptBuildPhase section */
		20CD58D4ACB75BF3B9B7A312 /* [CP] Embed Pods Frameworks */ = {
			isa = PBXShellScriptBuildPhase;
			buildActionMask = 2147483647;
			files = (
			);
			inputPaths = (
			);
			name = "[CP] Embed Pods Frameworks";
			outputPaths = (
			);
			runOnlyForDeploymentPostprocessing = 0;
			shellPath = /bin/sh;
			shellScript = "\"${SRCROOT}/Pods/Target Support Files/Pods-InformationTechnology/Pods-InformationTechnology-frameworks.sh\"\n";
			showEnvVarsInLog = 0;
		};
		5894BA9A2F594690005835FB /* [CP] Check Pods Manifest.lock */ = {
			isa = PBXShellScriptBuildPhase;
			buildActionMask = 2147483647;
			files = (
			);
			inputPaths = (
			);
			name = "[CP] Check Pods Manifest.lock";
			outputPaths = (
			);
			runOnlyForDeploymentPostprocessing = 0;
			shellPath = /bin/sh;
			shellScript = "diff \"${PODS_ROOT}/../Podfile.lock\" \"${PODS_ROOT}/Manifest.lock\" > /dev/null\nif [[ $? != 0 ]] ; then\n    cat << EOM\nerror: The sandbox is not in sync with the Podfile.lock. Run 'pod install' or update your CocoaPods installation.\nEOM\n    exit 1\nfi\n";
			showEnvVarsInLog = 0;
		};
		EEE889AC51E74027EC0A6909 /* [CP] Copy Pods Resources */ = {
			isa = PBXShellScriptBuildPhase;
			buildActionMask = 2147483647;
			files = (
			);
			inputPaths = (
			);
			name = "[CP] Copy Pods Resources";
			outputPaths = (
			);
			runOnlyForDeploymentPostprocessing = 0;
			shellPath = /bin/sh;
			shellScript = "\"${SRCROOT}/Pods/Target Support Files/Pods-InformationTechnology/Pods-InformationTechnology-resources.sh\"\n";
			showEnvVarsInLog = 0;
		};
/* End PBXShellScriptBuildPhase section */

/* Begin PBXSourcesBuildPhase section */
		BCF254761DBE31F200ABD6A7 /* Sources */ = {
			isa = PBXSourcesBuildPhase;
			buildActionMask = 2147483647;
			files = (
				BCD1F7911DD4A107003E6288 /* RecommendCellDetailService.swift in Sources */,
				1EEDFD4F1DD8430D00987EE7 /* CoolPlayCell.swift in Sources */,
				BC512A831DCCD6150018F0BA /* AdDetailView.swift in Sources */,
				BCF254D41DBE4F3000ABD6A7 /* CollectionViewController.swift in Sources */,
				BCF254D81DBE4F6300ABD6A7 /* MineViewController.swift in Sources */,
				BCC45F4B1DC0B12B009BC6EC /* HomePageTableView.swift in Sources */,
				BC6C13851DC8590400C744BD /* KTCSegCtrl.swift in Sources */,
				BC1DFA8A1DD0BAE800A0F602 /* CollectionModel.swift in Sources */,
				BCC45F511DC0CC0C009BC6EC /* NewestModel.swift in Sources */,
				BCC45F531DC0D021009BC6EC /* NewestHeaderModel.swift in Sources */,
				BCD1F78F1DD4A063003E6288 /* RecommendAdService.swift in Sources */,
				BCF254801DBE31F200ABD6A7 /* ViewController.swift in Sources */,
				BC1011731DC6D009000D0394 /* SKScNavBar.swift in Sources */,
				BCD1F8EA1DD5F98B003E6288 /* CoolPlaySlideCell.swift in Sources */,
				BC6C13871DC85B0C00C744BD /* UIView+Common.swift in Sources */,
				BC1011741DC6D009000D0394 /* SKLaunchMenu.swift in Sources */,
				BCD1F8E71DD5F1D4003E6288 /* CollectCoolPlayView.swift in Sources */,
				BC512A811DCCD6150018F0BA /* AdDetailCell.swift in Sources */,
				BCF254DA1DBE50CB00ABD6A7 /* CreateTabBarController.swift in Sources */,
				BCD1F7841DD497D4003E6288 /* KTCDownloader.swift in Sources */,
				BC512A871DCCD6150018F0BA /* RecommendScienceCell.swift in Sources */,
				BCF2547E1DBE31F200ABD6A7 /* AppDelegate.swift in Sources */,
				BC1011AB1DC76549000D0394 /* DetailView.swift in Sources */,
				BC1DFA8C1DD0C80D00A0F602 /* CollectionDiscoverView.swift in Sources */,
				1EEDFD781DD8962A00987EE7 /* MineView.swift in Sources */,
				BC512A7F1DCCD6150018F0BA /* AdDetailModel.swift in Sources */,
				BC10116E1DC6D002000D0394 /* SKMacros.swift in Sources */,
				1EEDFD521DD85E2A00987EE7 /* HeaderReusableView.swift in Sources */,
				BCF254CC1DBE49A700ABD6A7 /* Const.swift in Sources */,
				BC512A7B1DCCD6150018F0BA /* RecommendModel.swift in Sources */,
				BC94BAB01DC233980096EEAD /* addReFreshProtocol.swift in Sources */,
				BC6C7F601DD0CF0A00CBA5EF /* CollectionCell.swift in Sources */,
				BCC45F631DC0F296009BC6EC /* HeaderScrollView.swift in Sources */,
				BC512A7A1DCCD6150018F0BA /* RecommendViewController.swift in Sources */,
				BC512A7E1DCCD6150018F0BA /* CellDetailViewController.swift in Sources */,
				BCD1F7931DD4A88A003E6288 /* playVideoService.swift in Sources */,
				BC1011AD1DC7716C000D0394 /* navigationBarProtocol.swift in Sources */,
				BC512A801DCCD6150018F0BA /* CellDetailModel.swift in Sources */,
				BC512A851DCCD6150018F0BA /* RecommendHeaderCell.swift in Sources */,
				BCD1F8E31DD5CA11003E6288 /* CoolPlayModel.swift in Sources */,
				BC94BAAD1DC1FBD10096EEAD /* NewestCell.swift in Sources */,
				BC1DFA881DD0A7A400A0F602 /* KTCTabViewController.swift in Sources */,
				BC10116B1DC6CFFA000D0394 /* SKScNavViewController.swift in Sources */,
				BCE43A6D1DD94C5400AA0355 /* downCell.swift in Sources */,
				BC1011771DC6D052000D0394 /* HomepageViewController.swift in Sources */,
				BC1011751DC6D009000D0394 /* SKLaunchMenuItem.swift in Sources */,
				BCD1F7871DD49F43003E6288 /* KTCService.swift in Sources */,
				BC512A7D1DCCD6150018F0BA /* AdDetailViewController.swift in Sources */,
				BCE43A751DD9557C00AA0355 /* hasSwitchCell.swift in Sources */,
				BCC45F611DC0F27E009BC6EC /* HeaderScrollViewCell.swift in Sources */,
				BC512A7C1DCCD6150018F0BA /* RecommendView.swift in Sources */,
				1EEDFD7B1DD8985900987EE7 /* topCell.swift in Sources */,
			);
			runOnlyForDeploymentPostprocessing = 0;
		};
		BCF2548A1DBE31F200ABD6A7 /* Sources */ = {
			isa = PBXSourcesBuildPhase;
			buildActionMask = 2147483647;
			files = (
				BCF254931DBE31F200ABD6A7 /* InformationTechnologyTests.swift in Sources */,
			);
			runOnlyForDeploymentPostprocessing = 0;
		};
		BCF254951DBE31F200ABD6A7 /* Sources */ = {
			isa = PBXSourcesBuildPhase;
			buildActionMask = 2147483647;
			files = (
				BCF2549E1DBE31F200ABD6A7 /* InformationTechnologyUITests.swift in Sources */,
			);
			runOnlyForDeploymentPostprocessing = 0;
		};
/* End PBXSourcesBuildPhase section */

/* Begin PBXTargetDependency section */
		BCF254901DBE31F200ABD6A7 /* PBXTargetDependency */ = {
			isa = PBXTargetDependency;
			target = BCF254791DBE31F200ABD6A7 /* InformationTechnology */;
			targetProxy = BCF2548F1DBE31F200ABD6A7 /* PBXContainerItemProxy */;
		};
		BCF2549B1DBE31F200ABD6A7 /* PBXTargetDependency */ = {
			isa = PBXTargetDependency;
			target = BCF254791DBE31F200ABD6A7 /* InformationTechnology */;
			targetProxy = BCF2549A1DBE31F200ABD6A7 /* PBXContainerItemProxy */;
		};
/* End PBXTargetDependency section */

/* Begin PBXVariantGroup section */
		BCF254811DBE31F200ABD6A7 /* Main.storyboard */ = {
			isa = PBXVariantGroup;
			children = (
				BCF254821DBE31F200ABD6A7 /* Base */,
			);
			name = Main.storyboard;
			sourceTree = "<group>";
		};
		BCF254861DBE31F200ABD6A7 /* LaunchScreen.storyboard */ = {
			isa = PBXVariantGroup;
			children = (
				BCF254871DBE31F200ABD6A7 /* Base */,
			);
			name = LaunchScreen.storyboard;
			sourceTree = "<group>";
		};
/* End PBXVariantGroup section */

/* Begin XCBuildConfiguration section */
		BCF254A01DBE31F200ABD6A7 /* Debug */ = {
			isa = XCBuildConfiguration;
			buildSettings = {
				ALWAYS_SEARCH_USER_PATHS = NO;
				CLANG_ANALYZER_NONNULL = YES;
				CLANG_CXX_LANGUAGE_STANDARD = "gnu++0x";
				CLANG_CXX_LIBRARY = "libc++";
				CLANG_ENABLE_MODULES = YES;
				CLANG_ENABLE_OBJC_ARC = YES;
				CLANG_WARN_BOOL_CONVERSION = YES;
				CLANG_WARN_CONSTANT_CONVERSION = YES;
				CLANG_WARN_DIRECT_OBJC_ISA_USAGE = YES_ERROR;
				CLANG_WARN_EMPTY_BODY = YES;
				CLANG_WARN_ENUM_CONVERSION = YES;
				CLANG_WARN_INT_CONVERSION = YES;
				CLANG_WARN_OBJC_ROOT_CLASS = YES_ERROR;
				CLANG_WARN_UNREACHABLE_CODE = YES;
				CLANG_WARN__DUPLICATE_METHOD_MATCH = YES;
				"CODE_SIGN_IDENTITY[sdk=iphoneos*]" = "iPhone Developer";
				COPY_PHASE_STRIP = NO;
				DEBUG_INFORMATION_FORMAT = dwarf;
				ENABLE_STRICT_OBJC_MSGSEND = YES;
				ENABLE_TESTABILITY = YES;
				GCC_C_LANGUAGE_STANDARD = gnu99;
				GCC_DYNAMIC_NO_PIC = NO;
				GCC_NO_COMMON_BLOCKS = YES;
				GCC_OPTIMIZATION_LEVEL = 0;
				GCC_PREPROCESSOR_DEFINITIONS = (
					"DEBUG=1",
					"$(inherited)",
				);
				GCC_WARN_64_TO_32_BIT_CONVERSION = YES;
				GCC_WARN_ABOUT_RETURN_TYPE = YES_ERROR;
				GCC_WARN_UNDECLARED_SELECTOR = YES;
				GCC_WARN_UNINITIALIZED_AUTOS = YES_AGGRESSIVE;
				GCC_WARN_UNUSED_FUNCTION = YES;
				GCC_WARN_UNUSED_VARIABLE = YES;
				IPHONEOS_DEPLOYMENT_TARGET = 9.3;
				MTL_ENABLE_DEBUG_INFO = YES;
				ONLY_ACTIVE_ARCH = YES;
				SDKROOT = iphoneos;
				SWIFT_OPTIMIZATION_LEVEL = "-Onone";
				TARGETED_DEVICE_FAMILY = "1,2";
			};
			name = Debug;
		};
		BCF254A11DBE31F200ABD6A7 /* Release */ = {
			isa = XCBuildConfiguration;
			buildSettings = {
				ALWAYS_SEARCH_USER_PATHS = NO;
				CLANG_ANALYZER_NONNULL = YES;
				CLANG_CXX_LANGUAGE_STANDARD = "gnu++0x";
				CLANG_CXX_LIBRARY = "libc++";
				CLANG_ENABLE_MODULES = YES;
				CLANG_ENABLE_OBJC_ARC = YES;
				CLANG_WARN_BOOL_CONVERSION = YES;
				CLANG_WARN_CONSTANT_CONVERSION = YES;
				CLANG_WARN_DIRECT_OBJC_ISA_USAGE = YES_ERROR;
				CLANG_WARN_EMPTY_BODY = YES;
				CLANG_WARN_ENUM_CONVERSION = YES;
				CLANG_WARN_INT_CONVERSION = YES;
				CLANG_WARN_OBJC_ROOT_CLASS = YES_ERROR;
				CLANG_WARN_UNREACHABLE_CODE = YES;
				CLANG_WARN__DUPLICATE_METHOD_MATCH = YES;
				"CODE_SIGN_IDENTITY[sdk=iphoneos*]" = "iPhone Developer";
				COPY_PHASE_STRIP = NO;
				DEBUG_INFORMATION_FORMAT = "dwarf-with-dsym";
				ENABLE_NS_ASSERTIONS = NO;
				ENABLE_STRICT_OBJC_MSGSEND = YES;
				GCC_C_LANGUAGE_STANDARD = gnu99;
				GCC_NO_COMMON_BLOCKS = YES;
				GCC_WARN_64_TO_32_BIT_CONVERSION = YES;
				GCC_WARN_ABOUT_RETURN_TYPE = YES_ERROR;
				GCC_WARN_UNDECLARED_SELECTOR = YES;
				GCC_WARN_UNINITIALIZED_AUTOS = YES_AGGRESSIVE;
				GCC_WARN_UNUSED_FUNCTION = YES;
				GCC_WARN_UNUSED_VARIABLE = YES;
				IPHONEOS_DEPLOYMENT_TARGET = 9.3;
				MTL_ENABLE_DEBUG_INFO = NO;
				SDKROOT = iphoneos;
				TARGETED_DEVICE_FAMILY = "1,2";
				VALIDATE_PRODUCT = YES;
			};
			name = Release;
		};
		BCF254A31DBE31F200ABD6A7 /* Debug */ = {
			isa = XCBuildConfiguration;
			baseConfigurationReference = 3B2652D980B4E197F5BC11FC /* Pods-InformationTechnology.debug.xcconfig */;
			buildSettings = {
				ASSETCATALOG_COMPILER_APPICON_NAME = AppIcon;
				ASSETCATALOG_COMPILER_LAUNCHIMAGE_NAME = LaunchImage;
				INFOPLIST_FILE = InformationTechnology/Info.plist;
				LD_RUNPATH_SEARCH_PATHS = "$(inherited) @executable_path/Frameworks";
				PRODUCT_BUNDLE_IDENTIFIER = zzj.InformationTechnology;
				PRODUCT_NAME = "$(TARGET_NAME)";
			};
			name = Debug;
		};
		BCF254A41DBE31F200ABD6A7 /* Release */ = {
			isa = XCBuildConfiguration;
			baseConfigurationReference = 63DEF65D8D04F76275F2E6F6 /* Pods-InformationTechnology.release.xcconfig */;
			buildSettings = {
				ASSETCATALOG_COMPILER_APPICON_NAME = AppIcon;
				ASSETCATALOG_COMPILER_LAUNCHIMAGE_NAME = LaunchImage;
				INFOPLIST_FILE = InformationTechnology/Info.plist;
				LD_RUNPATH_SEARCH_PATHS = "$(inherited) @executable_path/Frameworks";
				PRODUCT_BUNDLE_IDENTIFIER = zzj.InformationTechnology;
				PRODUCT_NAME = "$(TARGET_NAME)";
			};
			name = Release;
		};
		BCF254A61DBE31F200ABD6A7 /* Debug */ = {
			isa = XCBuildConfiguration;
			buildSettings = {
				BUNDLE_LOADER = "$(TEST_HOST)";
				INFOPLIST_FILE = InformationTechnologyTests/Info.plist;
				LD_RUNPATH_SEARCH_PATHS = "$(inherited) @executable_path/Frameworks @loader_path/Frameworks";
				PRODUCT_BUNDLE_IDENTIFIER = zzj.InformationTechnologyTests;
				PRODUCT_NAME = "$(TARGET_NAME)";
				TEST_HOST = "$(BUILT_PRODUCTS_DIR)/InformationTechnology.app/InformationTechnology";
			};
			name = Debug;
		};
		BCF254A71DBE31F200ABD6A7 /* Release */ = {
			isa = XCBuildConfiguration;
			buildSettings = {
				BUNDLE_LOADER = "$(TEST_HOST)";
				INFOPLIST_FILE = InformationTechnologyTests/Info.plist;
				LD_RUNPATH_SEARCH_PATHS = "$(inherited) @executable_path/Frameworks @loader_path/Frameworks";
				PRODUCT_BUNDLE_IDENTIFIER = zzj.InformationTechnologyTests;
				PRODUCT_NAME = "$(TARGET_NAME)";
				TEST_HOST = "$(BUILT_PRODUCTS_DIR)/InformationTechnology.app/InformationTechnology";
			};
			name = Release;
		};
		BCF254A91DBE31F200ABD6A7 /* Debug */ = {
			isa = XCBuildConfiguration;
			buildSettings = {
				INFOPLIST_FILE = InformationTechnologyUITests/Info.plist;
				LD_RUNPATH_SEARCH_PATHS = "$(inherited) @executable_path/Frameworks @loader_path/Frameworks";
				PRODUCT_BUNDLE_IDENTIFIER = zzj.InformationTechnologyUITests;
				PRODUCT_NAME = "$(TARGET_NAME)";
				TEST_TARGET_NAME = InformationTechnology;
			};
			name = Debug;
		};
		BCF254AA1DBE31F200ABD6A7 /* Release */ = {
			isa = XCBuildConfiguration;
			buildSettings = {
				INFOPLIST_FILE = InformationTechnologyUITests/Info.plist;
				LD_RUNPATH_SEARCH_PATHS = "$(inherited) @executable_path/Frameworks @loader_path/Frameworks";
				PRODUCT_BUNDLE_IDENTIFIER = zzj.InformationTechnologyUITests;
				PRODUCT_NAME = "$(TARGET_NAME)";
				TEST_TARGET_NAME = InformationTechnology;
			};
			name = Release;
		};
/* End XCBuildConfiguration section */

/* Begin XCConfigurationList section */
		BCF254751DBE31F200ABD6A7 /* Build configuration list for PBXProject "InformationTechnology" */ = {
			isa = XCConfigurationList;
			buildConfigurations = (
				BCF254A01DBE31F200ABD6A7 /* Debug */,
				BCF254A11DBE31F200ABD6A7 /* Release */,
			);
			defaultConfigurationIsVisible = 0;
			defaultConfigurationName = Release;
		};
		BCF254A21DBE31F200ABD6A7 /* Build configuration list for PBXNativeTarget "InformationTechnology" */ = {
			isa = XCConfigurationList;
			buildConfigurations = (
				BCF254A31DBE31F200ABD6A7 /* Debug */,
				BCF254A41DBE31F200ABD6A7 /* Release */,
			);
			defaultConfigurationIsVisible = 0;
			defaultConfigurationName = Release;
		};
		BCF254A51DBE31F200ABD6A7 /* Build configuration list for PBXNativeTarget "InformationTechnologyTests" */ = {
			isa = XCConfigurationList;
			buildConfigurations = (
				BCF254A61DBE31F200ABD6A7 /* Debug */,
				BCF254A71DBE31F200ABD6A7 /* Release */,
			);
			defaultConfigurationIsVisible = 0;
			defaultConfigurationName = Release;
		};
		BCF254A81DBE31F200ABD6A7 /* Build configuration list for PBXNativeTarget "InformationTechnologyUITests" */ = {
			isa = XCConfigurationList;
			buildConfigurations = (
				BCF254A91DBE31F200ABD6A7 /* Debug */,
				BCF254AA1DBE31F200ABD6A7 /* Release */,
			);
			defaultConfigurationIsVisible = 0;
			defaultConfigurationName = Release;
		};
/* End XCConfigurationList section */
	};
	rootObject = BCF254721DBE31F200ABD6A7 /* Project object */;
}
